// !$*UTF8*$!
{
	archiveVersion = 1;
	classes = {
	};
	objectVersion = 46;
	objects = {

/* Begin PBXBuildFile section */
		0546D1A38E13BD319CC9755B /* OscReceivedElements.cpp in Sources */ = {isa = PBXBuildFile; fileRef = 9BF3AA0D4FAA89D0F8A0E545 /* OscReceivedElements.cpp */; };
		0906C2D4D2BBEC054B2D5BA5 /* ofxAudioUnitMatrixMixer.cpp in Sources */ = {isa = PBXBuildFile; fileRef = C8B7749DFCB2413261E353B4 /* ofxAudioUnitMatrixMixer.cpp */; };
		0928F46C1FFAFB7170C2A661 /* ofxAudioUnitSampler.cpp in Sources */ = {isa = PBXBuildFile; fileRef = 72439F44FFDA8E291988657B /* ofxAudioUnitSampler.cpp */; };
		0B1A7EDFBC477E5A2E37CCDF /* ofxAudioUnitTap.cpp in Sources */ = {isa = PBXBuildFile; fileRef = 3BF3233A625C876FDABFAB0C /* ofxAudioUnitTap.cpp */; };
		0C4F519BCE65BA5D7D6B6B68 /* CADebugMacros.cpp in Sources */ = {isa = PBXBuildFile; fileRef = D354A3121711EC82B6136FB0 /* CADebugMacros.cpp */; };
		0E826EC50F9F913C3159C2F7 /* ofxAudioUnitFftNode.cpp in Sources */ = {isa = PBXBuildFile; fileRef = 10F1B6B6DFEE960F7FA4C661 /* ofxAudioUnitFftNode.cpp */; };
		17702BA79B8951D3E67D731E /* ofxControlPanel.cpp in Sources */ = {isa = PBXBuildFile; fileRef = 269154488EC9D81500954456 /* ofxControlPanel.cpp */; };
		2441ABB8D077D1710B674B6B /* ofxControlWidget.cpp in Sources */ = {isa = PBXBuildFile; fileRef = F19D5ADDB295206E2D11D022 /* ofxControlWidget.cpp */; };
		250A710D8814BF6D345B0877 /* ofxAudioUnitNetSend.cpp in Sources */ = {isa = PBXBuildFile; fileRef = 1B31A94C1F7A20222686E663 /* ofxAudioUnitNetSend.cpp */; };
		2B33B0211E062CB61C7FAEF9 /* ofxAudioUnitDSPNode.cpp in Sources */ = {isa = PBXBuildFile; fileRef = AA63A01981FA6FCF6879A5C3 /* ofxAudioUnitDSPNode.cpp */; };
		2D5FF7F2ACFB45212BC7739D /* ofxAudioUnitCocoaUtilties.mm in Sources */ = {isa = PBXBuildFile; fileRef = FF9373CF95715BD3B8B9E8F9 /* ofxAudioUnitCocoaUtilties.mm */; };
		3480F2593A7D2D1185A58BD2 /* ofxControlMultiSlider.cpp in Sources */ = {isa = PBXBuildFile; fileRef = 533BC9E677365CAEBABDE32D /* ofxControlMultiSlider.cpp */; };
		4ADB88E2FB52E76A471065DE /* ofxOscParameterSync.cpp in Sources */ = {isa = PBXBuildFile; fileRef = 0AED834CE4DEC5260AF302A2 /* ofxOscParameterSync.cpp */; };
		510CAFE035E576A4E1502D52 /* UdpSocket.cpp in Sources */ = {isa = PBXBuildFile; fileRef = E6DEF695B88BA5FAACEAA937 /* UdpSocket.cpp */; };
		54D2AFE4CAB9E9987184B8CB /* ofxControlSequence.cpp in Sources */ = {isa = PBXBuildFile; fileRef = 22351BDC1BF11AD2C7514AAB /* ofxControlSequence.cpp */; };
		5864AD82E20F15536D054EA3 /* ofxOscMessage.cpp in Sources */ = {isa = PBXBuildFile; fileRef = DF49D76C45D5DB505A234880 /* ofxOscMessage.cpp */; };
		5B19D7CDA0DA2D6E32C98BFB /* ofxControlSequencer.cpp in Sources */ = {isa = PBXBuildFile; fileRef = 8208285D2C9338E091E97F1F /* ofxControlSequencer.cpp */; };
		5E4226BDBF92E688E1485262 /* ofxControlColor.cpp in Sources */ = {isa = PBXBuildFile; fileRef = 6B87D47BF06B6B77925306C3 /* ofxControlColor.cpp */; };
		62545D179C94265CA1389D4A /* OscOutboundPacketStream.cpp in Sources */ = {isa = PBXBuildFile; fileRef = 63A47AC60FFAFC3BF093EC0F /* OscOutboundPacketStream.cpp */; };
		631702104AFC104323A9EB79 /* CoreMIDI.framework in Frameworks */ = {isa = PBXBuildFile; fileRef = 81AC32CCCB56FAABA3E1BDE0 /* CoreMIDI.framework */; };
		640279EE111671BD026CB013 /* ofxOscReceiver.cpp in Sources */ = {isa = PBXBuildFile; fileRef = C2FAC65C491D4231379F3298 /* ofxOscReceiver.cpp */; };
		65409860C43A30769CCA1948 /* ofxControlTouchOSC.cpp in Sources */ = {isa = PBXBuildFile; fileRef = 662F7D0ED9FDC77CAEF95D23 /* ofxControlTouchOSC.cpp */; };
		67FE4C7B15C2F0478C8126C2 /* NetworkingUtils.cpp in Sources */ = {isa = PBXBuildFile; fileRef = 3B361208CD4107E479F04E7B /* NetworkingUtils.cpp */; };
		6EC15DE2884A9C5257ED8E91 /* CoreAudioKit.framework in Frameworks */ = {isa = PBXBuildFile; fileRef = 692A51D3CA888391C859A345 /* CoreAudioKit.framework */; };
		6F4C9BC6393F980E0D016D52 /* AUParamInfo.cpp in Sources */ = {isa = PBXBuildFile; fileRef = FDA227D32C008FE98AD76882 /* AUParamInfo.cpp */; };
		71239FABD9DD8DADE3E2EFF9 /* ofxAudioUnitMixer.cpp in Sources */ = {isa = PBXBuildFile; fileRef = 2939367276DF781697E0D879 /* ofxAudioUnitMixer.cpp */; };
		72A929D3561B8232A182ABFC /* ofxOscBundle.cpp in Sources */ = {isa = PBXBuildFile; fileRef = 65EEFA3DA3526E9CDD9C21F9 /* ofxOscBundle.cpp */; };
		7AD6D29D26362072A946396B /* ofxControlTextBox.cpp in Sources */ = {isa = PBXBuildFile; fileRef = AB18FF4B8A5160F1AE00A25F /* ofxControlTextBox.cpp */; };
		7E0D2586B97EF28DB0017DB3 /* Base64.cpp in Sources */ = {isa = PBXBuildFile; fileRef = 404909ACC5528A446F86752C /* Base64.cpp */; };
		8214BBF315F3FE8E7AA53A09 /* ofxControlMenu.cpp in Sources */ = {isa = PBXBuildFile; fileRef = CB5F06A2158BDC02612E1411 /* ofxControlMenu.cpp */; };
		83DE18C337910BECFBAF93EC /* ofxControlElement.cpp in Sources */ = {isa = PBXBuildFile; fileRef = C2504D6D58C7E5B3E9BF9500 /* ofxControlElement.cpp */; };
		879A251454401BC0B6E4F238 /* OscTypes.cpp in Sources */ = {isa = PBXBuildFile; fileRef = D9BFFBBF4CC43DEE890B3C3E /* OscTypes.cpp */; };
		87B337624802E70C0BDB11F3 /* ofxAudioUnit.cpp in Sources */ = {isa = PBXBuildFile; fileRef = 2DC2346096C29D44D4517679 /* ofxAudioUnit.cpp */; };
		87EF2AD666DD3859D3EAC437 /* ofxControlOscManagerPanel.cpp in Sources */ = {isa = PBXBuildFile; fileRef = 845AD8C70E8C7FD4D65159B3 /* ofxControlOscManagerPanel.cpp */; };
		8F5205AEF8861EF234F0651A /* ofxOscSender.cpp in Sources */ = {isa = PBXBuildFile; fileRef = 81967292BFC87A0144BD32C6 /* ofxOscSender.cpp */; };
		95EA8D90BEDFB3F392C5FC19 /* ofxControlMultiElement.cpp in Sources */ = {isa = PBXBuildFile; fileRef = A7F4CB87A218D604222097F4 /* ofxControlMultiElement.cpp */; };
		A1D93B3B282E51FD3DED5313 /* ofxAudioUnitInput.cpp in Sources */ = {isa = PBXBuildFile; fileRef = 921304ABBEE9BBAD13436898 /* ofxAudioUnitInput.cpp */; };
		AA26BBDA5E32E5BB20C82ADD /* ofxAudioUnitRecorder.cpp in Sources */ = {isa = PBXBuildFile; fileRef = 7FB5F74C69D4E17560BB615E /* ofxAudioUnitRecorder.cpp */; };
		AB6830767302568AB46DC937 /* ofxAudioUnitSpeechSynth.cpp in Sources */ = {isa = PBXBuildFile; fileRef = 39A11AF55C4BFFBB589C8D0D /* ofxAudioUnitSpeechSynth.cpp */; };
		ADE367465D2A8EBAD4C7A8D9 /* IpEndpointName.cpp in Sources */ = {isa = PBXBuildFile; fileRef = ADD194746185E2DA11468377 /* IpEndpointName.cpp */; };
		ADEF2710D82C61E7575D77D6 /* ofxControlMidiSequencer.cpp in Sources */ = {isa = PBXBuildFile; fileRef = BE4E186E85EBBFE29FA0378B /* ofxControlMidiSequencer.cpp */; };
		B08EBF401DCF032800D3E976 /* AudioUnitController.cpp in Sources */ = {isa = PBXBuildFile; fileRef = B08EBF3E1DCF032800D3E976 /* AudioUnitController.cpp */; };
		B105619F131F2CBAAD643A04 /* ofxControlOscManager.cpp in Sources */ = {isa = PBXBuildFile; fileRef = 9E5823E12CEB695D775A820A /* ofxControlOscManager.cpp */; };
		B7855559EDBA512073143693 /* CAAUParameter.cpp in Sources */ = {isa = PBXBuildFile; fileRef = E8F2F49AF09EB5453E1E6536 /* CAAUParameter.cpp */; };
		C0A1F9451231B08DCCFFC838 /* ofxAudioUnitNetReceive.cpp in Sources */ = {isa = PBXBuildFile; fileRef = C8329EBFADF768E535429BCA /* ofxAudioUnitNetReceive.cpp */; };
		C3FEF526228167DB279C9FF5 /* ofxControlBpm.cpp in Sources */ = {isa = PBXBuildFile; fileRef = AC20D9189D803D8084833916 /* ofxControlBpm.cpp */; };
		C4782ECC372420ACE0615B74 /* OscPrintReceivedElements.cpp in Sources */ = {isa = PBXBuildFile; fileRef = BC8881B3C8C0A1C45F042E7A /* OscPrintReceivedElements.cpp */; };
		C597C10C7D9050F80877DD20 /* ofxControlButton.cpp in Sources */ = {isa = PBXBuildFile; fileRef = A3B86EAF56941B8764FC7183 /* ofxControlButton.cpp */; };
		C5E51D999F9F9E1D1A6CF847 /* AudioUnit.framework in Frameworks */ = {isa = PBXBuildFile; fileRef = FB86BB3FABAF9594E3393DCA /* AudioUnit.framework */; };
		C63E3138C0C0B49FE26B6DC2 /* ofxControlWidgetSelector.cpp in Sources */ = {isa = PBXBuildFile; fileRef = 564E48B1C3AACE6F032AA909 /* ofxControlWidgetSelector.cpp */; };
		CF73E623A0339945CEE95761 /* ofxControlSlider.cpp in Sources */ = {isa = PBXBuildFile; fileRef = 4167F127380B0C1F252B7FFC /* ofxControlSlider.cpp */; };
		D05B2602C55B08AC8246D30B /* ofxControlMultiRangeSlider.cpp in Sources */ = {isa = PBXBuildFile; fileRef = C8EB310028D19B56B69B2813 /* ofxControlMultiRangeSlider.cpp */; };
		D5D5C8479C1C2A462955A2EC /* ofxAudioUnitMidi.cpp in Sources */ = {isa = PBXBuildFile; fileRef = 49B5DC24CF34C7895A503416 /* ofxAudioUnitMidi.cpp */; };
		E4328149138ABC9F0047C5CB /* openFrameworksDebug.a in Frameworks */ = {isa = PBXBuildFile; fileRef = E4328148138ABC890047C5CB /* openFrameworksDebug.a */; };
		E4B69E200A3A1BDC003C02F2 /* main.cpp in Sources */ = {isa = PBXBuildFile; fileRef = E4B69E1D0A3A1BDC003C02F2 /* main.cpp */; };
		E4B69E210A3A1BDC003C02F2 /* ofApp.cpp in Sources */ = {isa = PBXBuildFile; fileRef = E4B69E1E0A3A1BDC003C02F2 /* ofApp.cpp */; };
		EE243572ECA9AD4D118EEF8E /* TPCircularBuffer.c in Sources */ = {isa = PBXBuildFile; fileRef = 7C1900A801EF82F8E3B799B7 /* TPCircularBuffer.c */; };
		F09EC3F89CF64E415784BB32 /* ofxAudioUnitHardwareUtils.cpp in Sources */ = {isa = PBXBuildFile; fileRef = 9ABA70779062F057766BC5DE /* ofxAudioUnitHardwareUtils.cpp */; };
		F1440B2964FFEB3D7AC16B22 /* ofxControlBase.cpp in Sources */ = {isa = PBXBuildFile; fileRef = 1E64E04E7DD80799A960DE47 /* ofxControlBase.cpp */; };
		F37393707BBD7E49A1055FFB /* ofxAudioUnitFilePlayer.cpp in Sources */ = {isa = PBXBuildFile; fileRef = 31564F8523FF518F4EC8F292 /* ofxAudioUnitFilePlayer.cpp */; };
		F46D757E6D52DFFE3A9C169B /* ofxAudioUnitOutput.cpp in Sources */ = {isa = PBXBuildFile; fileRef = 58685F70D967CF184B231102 /* ofxAudioUnitOutput.cpp */; };
		FA337D41E6D268A025CF8F87 /* ofxControlRangeSlider.cpp in Sources */ = {isa = PBXBuildFile; fileRef = CE9E5EDC08F844DBE73523D0 /* ofxControlRangeSlider.cpp */; };
		FF7BA513209CDD286F654554 /* ofxControl2dPad.cpp in Sources */ = {isa = PBXBuildFile; fileRef = 10620EA8C755C6D304D8967B /* ofxControl2dPad.cpp */; };
/* End PBXBuildFile section */

/* Begin PBXContainerItemProxy section */
		E4328147138ABC890047C5CB /* PBXContainerItemProxy */ = {
			isa = PBXContainerItemProxy;
			containerPortal = E4328143138ABC890047C5CB /* openFrameworksLib.xcodeproj */;
			proxyType = 2;
			remoteGlobalIDString = E4B27C1510CBEB8E00536013;
			remoteInfo = openFrameworks;
		};
		E4EEB9AB138B136A00A80321 /* PBXContainerItemProxy */ = {
			isa = PBXContainerItemProxy;
			containerPortal = E4328143138ABC890047C5CB /* openFrameworksLib.xcodeproj */;
			proxyType = 1;
			remoteGlobalIDString = E4B27C1410CBEB8E00536013;
			remoteInfo = openFrameworks;
		};
/* End PBXContainerItemProxy section */

/* Begin PBXCopyFilesBuildPhase section */
		E4C2427710CC5ABF004149E2 /* CopyFiles */ = {
			isa = PBXCopyFilesBuildPhase;
			buildActionMask = 2147483647;
			dstPath = "";
			dstSubfolderSpec = 10;
			files = (
			);
			runOnlyForDeploymentPostprocessing = 0;
		};
/* End PBXCopyFilesBuildPhase section */

/* Begin PBXFileReference section */
		00D6D32B84B099226431108C /* ofxOsc.h */ = {isa = PBXFileReference; explicitFileType = sourcecode.c.h; fileEncoding = 30; name = ofxOsc.h; path = ../../../addons/ofxOsc/src/ofxOsc.h; sourceTree = SOURCE_ROOT; };
		029684CF678F70F6D3537A29 /* OscOutboundPacketStream.h */ = {isa = PBXFileReference; explicitFileType = sourcecode.c.h; fileEncoding = 30; name = OscOutboundPacketStream.h; path = ../../../addons/ofxOsc/libs/oscpack/src/osc/OscOutboundPacketStream.h; sourceTree = SOURCE_ROOT; };
		089DEAE1CF6D401E86110F72 /* ofxAudioUnitOutput.h */ = {isa = PBXFileReference; explicitFileType = sourcecode.c.h; fileEncoding = 30; name = ofxAudioUnitOutput.h; path = ../../../addons/ofxAudioUnit/src/ofxAudioUnitOutput.h; sourceTree = SOURCE_ROOT; };
		0AED834CE4DEC5260AF302A2 /* ofxOscParameterSync.cpp */ = {isa = PBXFileReference; explicitFileType = sourcecode.cpp.cpp; fileEncoding = 30; name = ofxOscParameterSync.cpp; path = ../../../addons/ofxOsc/src/ofxOscParameterSync.cpp; sourceTree = SOURCE_ROOT; };
		10620EA8C755C6D304D8967B /* ofxControl2dPad.cpp */ = {isa = PBXFileReference; explicitFileType = sourcecode.cpp.cpp; fileEncoding = 30; name = ofxControl2dPad.cpp; path = ../../../addons/ofxControl/src/ofxControl2dPad.cpp; sourceTree = SOURCE_ROOT; };
		10F1B6B6DFEE960F7FA4C661 /* ofxAudioUnitFftNode.cpp */ = {isa = PBXFileReference; explicitFileType = sourcecode.cpp.cpp; fileEncoding = 30; name = ofxAudioUnitFftNode.cpp; path = ../../../addons/ofxAudioUnit/src/ofxAudioUnitFftNode.cpp; sourceTree = SOURCE_ROOT; };
		13B169351929EEA804C94E5D /* CAAUParameter.h */ = {isa = PBXFileReference; explicitFileType = sourcecode.c.h; fileEncoding = 30; name = CAAUParameter.h; path = ../../../addons/ofxAudioUnit/src/CAPublicUtility/CAAUParameter.h; sourceTree = SOURCE_ROOT; };
		18B335E1BC2A834648C8D7DF /* ofxAudioUnitNetSend.h */ = {isa = PBXFileReference; explicitFileType = sourcecode.c.h; fileEncoding = 30; name = ofxAudioUnitNetSend.h; path = ../../../addons/ofxAudioUnit/src/ofxAudioUnitNetSend.h; sourceTree = SOURCE_ROOT; };
		18F9C99EFC1FC4B7EAF4E79F /* ofxAudioUnitMixer.h */ = {isa = PBXFileReference; explicitFileType = sourcecode.c.h; fileEncoding = 30; name = ofxAudioUnitMixer.h; path = ../../../addons/ofxAudioUnit/src/ofxAudioUnitMixer.h; sourceTree = SOURCE_ROOT; };
		1B31A94C1F7A20222686E663 /* ofxAudioUnitNetSend.cpp */ = {isa = PBXFileReference; explicitFileType = sourcecode.cpp.cpp; fileEncoding = 30; name = ofxAudioUnitNetSend.cpp; path = ../../../addons/ofxAudioUnit/src/ofxAudioUnitNetSend.cpp; sourceTree = SOURCE_ROOT; };
		1E64E04E7DD80799A960DE47 /* ofxControlBase.cpp */ = {isa = PBXFileReference; explicitFileType = sourcecode.cpp.cpp; fileEncoding = 30; name = ofxControlBase.cpp; path = ../../../addons/ofxControl/src/ofxControlBase.cpp; sourceTree = SOURCE_ROOT; };
		20C5D4414D9A9E6135835F45 /* ofxControlWidgetSelector.h */ = {isa = PBXFileReference; explicitFileType = sourcecode.c.h; fileEncoding = 30; name = ofxControlWidgetSelector.h; path = ../../../addons/ofxControl/src/ofxControlWidgetSelector.h; sourceTree = SOURCE_ROOT; };
		20F35AFADAF0068B067E713F /* OscReceivedElements.h */ = {isa = PBXFileReference; explicitFileType = sourcecode.c.h; fileEncoding = 30; name = OscReceivedElements.h; path = ../../../addons/ofxOsc/libs/oscpack/src/osc/OscReceivedElements.h; sourceTree = SOURCE_ROOT; };
		22351BDC1BF11AD2C7514AAB /* ofxControlSequence.cpp */ = {isa = PBXFileReference; explicitFileType = sourcecode.cpp.cpp; fileEncoding = 30; name = ofxControlSequence.cpp; path = ../../../addons/ofxControl/src/ofxControlSequence.cpp; sourceTree = SOURCE_ROOT; };
		2295801F930C94A28D50E7E2 /* CAXException.h */ = {isa = PBXFileReference; explicitFileType = sourcecode.c.h; fileEncoding = 30; name = CAXException.h; path = ../../../addons/ofxAudioUnit/src/CAPublicUtility/CAXException.h; sourceTree = SOURCE_ROOT; };
		23640F57DF6C4BB6BFC5DA4C /* PacketListener.h */ = {isa = PBXFileReference; explicitFileType = sourcecode.c.h; fileEncoding = 30; name = PacketListener.h; path = ../../../addons/ofxOsc/libs/oscpack/src/ip/PacketListener.h; sourceTree = SOURCE_ROOT; };
		240097A265C7FC338C551511 /* AUParamInfo.h */ = {isa = PBXFileReference; explicitFileType = sourcecode.c.h; fileEncoding = 30; name = AUParamInfo.h; path = ../../../addons/ofxAudioUnit/src/CAPublicUtility/AUParamInfo.h; sourceTree = SOURCE_ROOT; };
		24AF919600E8F2404A7E5035 /* ofxAudioUnitMatrixMixer.h */ = {isa = PBXFileReference; explicitFileType = sourcecode.c.h; fileEncoding = 30; name = ofxAudioUnitMatrixMixer.h; path = ../../../addons/ofxAudioUnit/src/ofxAudioUnitMatrixMixer.h; sourceTree = SOURCE_ROOT; };
		269154488EC9D81500954456 /* ofxControlPanel.cpp */ = {isa = PBXFileReference; explicitFileType = sourcecode.cpp.cpp; fileEncoding = 30; name = ofxControlPanel.cpp; path = ../../../addons/ofxControl/src/ofxControlPanel.cpp; sourceTree = SOURCE_ROOT; };
		29320BAA1F94E62780C2C648 /* ofxAudioUnitInput.h */ = {isa = PBXFileReference; explicitFileType = sourcecode.c.h; fileEncoding = 30; name = ofxAudioUnitInput.h; path = ../../../addons/ofxAudioUnit/src/ofxAudioUnitInput.h; sourceTree = SOURCE_ROOT; };
		2939367276DF781697E0D879 /* ofxAudioUnitMixer.cpp */ = {isa = PBXFileReference; explicitFileType = sourcecode.cpp.cpp; fileEncoding = 30; name = ofxAudioUnitMixer.cpp; path = ../../../addons/ofxAudioUnit/src/ofxAudioUnitMixer.cpp; sourceTree = SOURCE_ROOT; };
		2DC2346096C29D44D4517679 /* ofxAudioUnit.cpp */ = {isa = PBXFileReference; explicitFileType = sourcecode.cpp.cpp; fileEncoding = 30; name = ofxAudioUnit.cpp; path = ../../../addons/ofxAudioUnit/src/ofxAudioUnit.cpp; sourceTree = SOURCE_ROOT; };
		2FD4B0329909D3527F003494 /* UdpSocket.h */ = {isa = PBXFileReference; explicitFileType = sourcecode.c.h; fileEncoding = 30; name = UdpSocket.h; path = ../../../addons/ofxOsc/libs/oscpack/src/ip/UdpSocket.h; sourceTree = SOURCE_ROOT; };
		31564F8523FF518F4EC8F292 /* ofxAudioUnitFilePlayer.cpp */ = {isa = PBXFileReference; explicitFileType = sourcecode.cpp.cpp; fileEncoding = 30; name = ofxAudioUnitFilePlayer.cpp; path = ../../../addons/ofxAudioUnit/src/ofxAudioUnitFilePlayer.cpp; sourceTree = SOURCE_ROOT; };
		34AF60074B46DD1515C1AAEA /* ofxControlMultiElement.h */ = {isa = PBXFileReference; explicitFileType = sourcecode.c.h; fileEncoding = 30; name = ofxControlMultiElement.h; path = ../../../addons/ofxControl/src/ofxControlMultiElement.h; sourceTree = SOURCE_ROOT; };
		3656453C80EAC24F71DB205F /* ofxControlColor.h */ = {isa = PBXFileReference; explicitFileType = sourcecode.c.h; fileEncoding = 30; name = ofxControlColor.h; path = ../../../addons/ofxControl/src/ofxControlColor.h; sourceTree = SOURCE_ROOT; };
		39A11AF55C4BFFBB589C8D0D /* ofxAudioUnitSpeechSynth.cpp */ = {isa = PBXFileReference; explicitFileType = sourcecode.cpp.cpp; fileEncoding = 30; name = ofxAudioUnitSpeechSynth.cpp; path = ../../../addons/ofxAudioUnit/src/ofxAudioUnitSpeechSynth.cpp; sourceTree = SOURCE_ROOT; };
		3B361208CD4107E479F04E7B /* NetworkingUtils.cpp */ = {isa = PBXFileReference; explicitFileType = sourcecode.cpp.cpp; fileEncoding = 30; name = NetworkingUtils.cpp; path = ../../../addons/ofxOsc/libs/oscpack/src/ip/posix/NetworkingUtils.cpp; sourceTree = SOURCE_ROOT; };
		3BF3233A625C876FDABFAB0C /* ofxAudioUnitTap.cpp */ = {isa = PBXFileReference; explicitFileType = sourcecode.cpp.cpp; fileEncoding = 30; name = ofxAudioUnitTap.cpp; path = ../../../addons/ofxAudioUnit/src/ofxAudioUnitTap.cpp; sourceTree = SOURCE_ROOT; };
		404909ACC5528A446F86752C /* Base64.cpp */ = {isa = PBXFileReference; explicitFileType = sourcecode.cpp.cpp; fileEncoding = 30; name = Base64.cpp; path = ../../../addons/ofxControl/src/Base64.cpp; sourceTree = SOURCE_ROOT; };
		4167F127380B0C1F252B7FFC /* ofxControlSlider.cpp */ = {isa = PBXFileReference; explicitFileType = sourcecode.cpp.cpp; fileEncoding = 30; name = ofxControlSlider.cpp; path = ../../../addons/ofxControl/src/ofxControlSlider.cpp; sourceTree = SOURCE_ROOT; };
		444657A12E59D0ED86981498 /* TimerListener.h */ = {isa = PBXFileReference; explicitFileType = sourcecode.c.h; fileEncoding = 30; name = TimerListener.h; path = ../../../addons/ofxOsc/libs/oscpack/src/ip/TimerListener.h; sourceTree = SOURCE_ROOT; };
		4643A14DCC10DA58CAA874B3 /* ofxControlBase.h */ = {isa = PBXFileReference; explicitFileType = sourcecode.c.h; fileEncoding = 30; name = ofxControlBase.h; path = ../../../addons/ofxControl/src/ofxControlBase.h; sourceTree = SOURCE_ROOT; };
		48974F980F51769171D0B2F5 /* IpEndpointName.h */ = {isa = PBXFileReference; explicitFileType = sourcecode.c.h; fileEncoding = 30; name = IpEndpointName.h; path = ../../../addons/ofxOsc/libs/oscpack/src/ip/IpEndpointName.h; sourceTree = SOURCE_ROOT; };
		49B5DC24CF34C7895A503416 /* ofxAudioUnitMidi.cpp */ = {isa = PBXFileReference; explicitFileType = sourcecode.cpp.cpp; fileEncoding = 30; name = ofxAudioUnitMidi.cpp; path = ../../../addons/ofxAudioUnit/src/ofxAudioUnitMidi.cpp; sourceTree = SOURCE_ROOT; };
		4B3F2BB1352C56702EDD2D4E /* TPCircularBuffer.h */ = {isa = PBXFileReference; explicitFileType = sourcecode.c.h; fileEncoding = 30; name = TPCircularBuffer.h; path = ../../../addons/ofxAudioUnit/src/TPCircularBuffer/TPCircularBuffer.h; sourceTree = SOURCE_ROOT; };
		4DD2FE7F25CD71AEABFAF6E1 /* ofxControlConstants.h */ = {isa = PBXFileReference; explicitFileType = sourcecode.c.h; fileEncoding = 30; name = ofxControlConstants.h; path = ../../../addons/ofxControl/src/ofxControlConstants.h; sourceTree = SOURCE_ROOT; };
		4E95FB446A9C9C6F0DE12D75 /* OscPrintReceivedElements.h */ = {isa = PBXFileReference; explicitFileType = sourcecode.c.h; fileEncoding = 30; name = OscPrintReceivedElements.h; path = ../../../addons/ofxOsc/libs/oscpack/src/osc/OscPrintReceivedElements.h; sourceTree = SOURCE_ROOT; };
		533BC9E677365CAEBABDE32D /* ofxControlMultiSlider.cpp */ = {isa = PBXFileReference; explicitFileType = sourcecode.cpp.cpp; fileEncoding = 30; name = ofxControlMultiSlider.cpp; path = ../../../addons/ofxControl/src/ofxControlMultiSlider.cpp; sourceTree = SOURCE_ROOT; };
		564E48B1C3AACE6F032AA909 /* ofxControlWidgetSelector.cpp */ = {isa = PBXFileReference; explicitFileType = sourcecode.cpp.cpp; fileEncoding = 30; name = ofxControlWidgetSelector.cpp; path = ../../../addons/ofxControl/src/ofxControlWidgetSelector.cpp; sourceTree = SOURCE_ROOT; };
		58685F70D967CF184B231102 /* ofxAudioUnitOutput.cpp */ = {isa = PBXFileReference; explicitFileType = sourcecode.cpp.cpp; fileEncoding = 30; name = ofxAudioUnitOutput.cpp; path = ../../../addons/ofxAudioUnit/src/ofxAudioUnitOutput.cpp; sourceTree = SOURCE_ROOT; };
		598ECD3AE55D46CB116F5C6F /* CADebugMacros.h */ = {isa = PBXFileReference; explicitFileType = sourcecode.c.h; fileEncoding = 30; name = CADebugMacros.h; path = ../../../addons/ofxAudioUnit/src/CAPublicUtility/CADebugMacros.h; sourceTree = SOURCE_ROOT; };
		62A4733E6DD24DE0D47F2CD0 /* ofxControlOscManagerPanel.h */ = {isa = PBXFileReference; explicitFileType = sourcecode.c.h; fileEncoding = 30; name = ofxControlOscManagerPanel.h; path = ../../../addons/ofxControl/src/ofxControlOscManagerPanel.h; sourceTree = SOURCE_ROOT; };
		63A47AC60FFAFC3BF093EC0F /* OscOutboundPacketStream.cpp */ = {isa = PBXFileReference; explicitFileType = sourcecode.cpp.cpp; fileEncoding = 30; name = OscOutboundPacketStream.cpp; path = ../../../addons/ofxOsc/libs/oscpack/src/osc/OscOutboundPacketStream.cpp; sourceTree = SOURCE_ROOT; };
		65EEFA3DA3526E9CDD9C21F9 /* ofxOscBundle.cpp */ = {isa = PBXFileReference; explicitFileType = sourcecode.cpp.cpp; fileEncoding = 30; name = ofxOscBundle.cpp; path = ../../../addons/ofxOsc/src/ofxOscBundle.cpp; sourceTree = SOURCE_ROOT; };
		662F7D0ED9FDC77CAEF95D23 /* ofxControlTouchOSC.cpp */ = {isa = PBXFileReference; explicitFileType = sourcecode.cpp.cpp; fileEncoding = 30; name = ofxControlTouchOSC.cpp; path = ../../../addons/ofxControl/src/ofxControlTouchOSC.cpp; sourceTree = SOURCE_ROOT; };
		692A51D3CA888391C859A345 /* CoreAudioKit.framework */ = {isa = PBXFileReference; lastKnownFileType = wrapper.framework; name = CoreAudioKit.framework; path = /System/Library/Frameworks/CoreAudioKit.framework; sourceTree = "<group>"; };
		6B65E6930994CC4B2D2B8B33 /* OscPacketListener.h */ = {isa = PBXFileReference; explicitFileType = sourcecode.c.h; fileEncoding = 30; name = OscPacketListener.h; path = ../../../addons/ofxOsc/libs/oscpack/src/osc/OscPacketListener.h; sourceTree = SOURCE_ROOT; };
		6B87D47BF06B6B77925306C3 /* ofxControlColor.cpp */ = {isa = PBXFileReference; explicitFileType = sourcecode.cpp.cpp; fileEncoding = 30; name = ofxControlColor.cpp; path = ../../../addons/ofxControl/src/ofxControlColor.cpp; sourceTree = SOURCE_ROOT; };
		6EF27248E0BF8BC17B168BB2 /* ofxControlMidiSequencer.h */ = {isa = PBXFileReference; explicitFileType = sourcecode.c.h; fileEncoding = 30; name = ofxControlMidiSequencer.h; path = ../../../addons/ofxControl/src/ofxControlMidiSequencer.h; sourceTree = SOURCE_ROOT; };
		72439F44FFDA8E291988657B /* ofxAudioUnitSampler.cpp */ = {isa = PBXFileReference; explicitFileType = sourcecode.cpp.cpp; fileEncoding = 30; name = ofxAudioUnitSampler.cpp; path = ../../../addons/ofxAudioUnit/src/ofxAudioUnitSampler.cpp; sourceTree = SOURCE_ROOT; };
		7689F8A0F3D0B7635A8C3104 /* ofxOscArg.h */ = {isa = PBXFileReference; explicitFileType = sourcecode.c.h; fileEncoding = 30; name = ofxOscArg.h; path = ../../../addons/ofxOsc/src/ofxOscArg.h; sourceTree = SOURCE_ROOT; };
		7B8F77474AA8EDABF091DAED /* ofxControlMultiSlider.h */ = {isa = PBXFileReference; explicitFileType = sourcecode.c.h; fileEncoding = 30; name = ofxControlMultiSlider.h; path = ../../../addons/ofxControl/src/ofxControlMultiSlider.h; sourceTree = SOURCE_ROOT; };
		7C1900A801EF82F8E3B799B7 /* TPCircularBuffer.c */ = {isa = PBXFileReference; explicitFileType = sourcecode.c.c; fileEncoding = 30; name = TPCircularBuffer.c; path = ../../../addons/ofxAudioUnit/src/TPCircularBuffer/TPCircularBuffer.c; sourceTree = SOURCE_ROOT; };
		7F9EDB321DC1CC61E29AE4ED /* ofxControl2dPad.h */ = {isa = PBXFileReference; explicitFileType = sourcecode.c.h; fileEncoding = 30; name = ofxControl2dPad.h; path = ../../../addons/ofxControl/src/ofxControl2dPad.h; sourceTree = SOURCE_ROOT; };
		7FB5F74C69D4E17560BB615E /* ofxAudioUnitRecorder.cpp */ = {isa = PBXFileReference; explicitFileType = sourcecode.cpp.cpp; fileEncoding = 30; name = ofxAudioUnitRecorder.cpp; path = ../../../addons/ofxAudioUnit/src/ofxAudioUnitRecorder.cpp; sourceTree = SOURCE_ROOT; };
		807D0BE41B2AD43FC0A794A0 /* ofxControlMultiRangeSlider.h */ = {isa = PBXFileReference; explicitFileType = sourcecode.c.h; fileEncoding = 30; name = ofxControlMultiRangeSlider.h; path = ../../../addons/ofxControl/src/ofxControlMultiRangeSlider.h; sourceTree = SOURCE_ROOT; };
		81967292BFC87A0144BD32C6 /* ofxOscSender.cpp */ = {isa = PBXFileReference; explicitFileType = sourcecode.cpp.cpp; fileEncoding = 30; name = ofxOscSender.cpp; path = ../../../addons/ofxOsc/src/ofxOscSender.cpp; sourceTree = SOURCE_ROOT; };
		81AC32CCCB56FAABA3E1BDE0 /* CoreMIDI.framework */ = {isa = PBXFileReference; lastKnownFileType = wrapper.framework; name = CoreMIDI.framework; path = /System/Library/Frameworks/CoreMIDI.framework; sourceTree = "<group>"; };
		8208285D2C9338E091E97F1F /* ofxControlSequencer.cpp */ = {isa = PBXFileReference; explicitFileType = sourcecode.cpp.cpp; fileEncoding = 30; name = ofxControlSequencer.cpp; path = ../../../addons/ofxControl/src/ofxControlSequencer.cpp; sourceTree = SOURCE_ROOT; };
		845AD8C70E8C7FD4D65159B3 /* ofxControlOscManagerPanel.cpp */ = {isa = PBXFileReference; explicitFileType = sourcecode.cpp.cpp; fileEncoding = 30; name = ofxControlOscManagerPanel.cpp; path = ../../../addons/ofxControl/src/ofxControlOscManagerPanel.cpp; sourceTree = SOURCE_ROOT; };
		883971DDCC3F7881C2C65B50 /* ofxAudioUnitSpeechSynth.h */ = {isa = PBXFileReference; explicitFileType = sourcecode.c.h; fileEncoding = 30; name = ofxAudioUnitSpeechSynth.h; path = ../../../addons/ofxAudioUnit/src/ofxAudioUnitSpeechSynth.h; sourceTree = SOURCE_ROOT; };
		8B30E93FD3D3475EED522A0E /* ofxOscBundle.h */ = {isa = PBXFileReference; explicitFileType = sourcecode.c.h; fileEncoding = 30; name = ofxOscBundle.h; path = ../../../addons/ofxOsc/src/ofxOscBundle.h; sourceTree = SOURCE_ROOT; };
		8B873EEEF22B81D25EA0D45D /* ofxAudioUnitDSPNode.h */ = {isa = PBXFileReference; explicitFileType = sourcecode.c.h; fileEncoding = 30; name = ofxAudioUnitDSPNode.h; path = ../../../addons/ofxAudioUnit/src/ofxAudioUnitDSPNode.h; sourceTree = SOURCE_ROOT; };
		8C75AFC8774A62495DD53464 /* ofxOscReceiver.h */ = {isa = PBXFileReference; explicitFileType = sourcecode.c.h; fileEncoding = 30; name = ofxOscReceiver.h; path = ../../../addons/ofxOsc/src/ofxOscReceiver.h; sourceTree = SOURCE_ROOT; };
		921304ABBEE9BBAD13436898 /* ofxAudioUnitInput.cpp */ = {isa = PBXFileReference; explicitFileType = sourcecode.cpp.cpp; fileEncoding = 30; name = ofxAudioUnitInput.cpp; path = ../../../addons/ofxAudioUnit/src/ofxAudioUnitInput.cpp; sourceTree = SOURCE_ROOT; };
		9482BA25298C3DCFDA00FBFA /* ofxControlSequence.h */ = {isa = PBXFileReference; explicitFileType = sourcecode.c.h; fileEncoding = 30; name = ofxControlSequence.h; path = ../../../addons/ofxControl/src/ofxControlSequence.h; sourceTree = SOURCE_ROOT; };
		9ABA70779062F057766BC5DE /* ofxAudioUnitHardwareUtils.cpp */ = {isa = PBXFileReference; explicitFileType = sourcecode.cpp.cpp; fileEncoding = 30; name = ofxAudioUnitHardwareUtils.cpp; path = ../../../addons/ofxAudioUnit/src/ofxAudioUnitHardwareUtils.cpp; sourceTree = SOURCE_ROOT; };
		9BF3AA0D4FAA89D0F8A0E545 /* OscReceivedElements.cpp */ = {isa = PBXFileReference; explicitFileType = sourcecode.cpp.cpp; fileEncoding = 30; name = OscReceivedElements.cpp; path = ../../../addons/ofxOsc/libs/oscpack/src/osc/OscReceivedElements.cpp; sourceTree = SOURCE_ROOT; };
		9E5823E12CEB695D775A820A /* ofxControlOscManager.cpp */ = {isa = PBXFileReference; explicitFileType = sourcecode.cpp.cpp; fileEncoding = 30; name = ofxControlOscManager.cpp; path = ../../../addons/ofxControl/src/ofxControlOscManager.cpp; sourceTree = SOURCE_ROOT; };
		9F7986DC4EB05E75FCE2C777 /* ofxOscSender.h */ = {isa = PBXFileReference; explicitFileType = sourcecode.c.h; fileEncoding = 30; name = ofxOscSender.h; path = ../../../addons/ofxOsc/src/ofxOscSender.h; sourceTree = SOURCE_ROOT; };
		A0BC68C6C5BA4AD81E1343E4 /* ofxControlTouchOSC.h */ = {isa = PBXFileReference; explicitFileType = sourcecode.c.h; fileEncoding = 30; name = ofxControlTouchOSC.h; path = ../../../addons/ofxControl/src/ofxControlTouchOSC.h; sourceTree = SOURCE_ROOT; };
		A2AAA8CA403479E6FCDF920E /* OscHostEndianness.h */ = {isa = PBXFileReference; explicitFileType = sourcecode.c.h; fileEncoding = 30; name = OscHostEndianness.h; path = ../../../addons/ofxOsc/libs/oscpack/src/osc/OscHostEndianness.h; sourceTree = SOURCE_ROOT; };
		A3B86EAF56941B8764FC7183 /* ofxControlButton.cpp */ = {isa = PBXFileReference; explicitFileType = sourcecode.cpp.cpp; fileEncoding = 30; name = ofxControlButton.cpp; path = ../../../addons/ofxControl/src/ofxControlButton.cpp; sourceTree = SOURCE_ROOT; };
		A4000B8368891301277E57D7 /* ofxControlRangeSlider.h */ = {isa = PBXFileReference; explicitFileType = sourcecode.c.h; fileEncoding = 30; name = ofxControlRangeSlider.h; path = ../../../addons/ofxControl/src/ofxControlRangeSlider.h; sourceTree = SOURCE_ROOT; };
		A7F4CB87A218D604222097F4 /* ofxControlMultiElement.cpp */ = {isa = PBXFileReference; explicitFileType = sourcecode.cpp.cpp; fileEncoding = 30; name = ofxControlMultiElement.cpp; path = ../../../addons/ofxControl/src/ofxControlMultiElement.cpp; sourceTree = SOURCE_ROOT; };
		A984A0B78CEFDA3DA2013FEC /* ofxControlTextBox.h */ = {isa = PBXFileReference; explicitFileType = sourcecode.c.h; fileEncoding = 30; name = ofxControlTextBox.h; path = ../../../addons/ofxControl/src/ofxControlTextBox.h; sourceTree = SOURCE_ROOT; };
		A9FB6499E5A09FB015A883EA /* ofxAudioUnitHardwareUtils.h */ = {isa = PBXFileReference; explicitFileType = sourcecode.c.h; fileEncoding = 30; name = ofxAudioUnitHardwareUtils.h; path = ../../../addons/ofxAudioUnit/src/ofxAudioUnitHardwareUtils.h; sourceTree = SOURCE_ROOT; };
		AA63A01981FA6FCF6879A5C3 /* ofxAudioUnitDSPNode.cpp */ = {isa = PBXFileReference; explicitFileType = sourcecode.cpp.cpp; fileEncoding = 30; name = ofxAudioUnitDSPNode.cpp; path = ../../../addons/ofxAudioUnit/src/ofxAudioUnitDSPNode.cpp; sourceTree = SOURCE_ROOT; };
		AB18FF4B8A5160F1AE00A25F /* ofxControlTextBox.cpp */ = {isa = PBXFileReference; explicitFileType = sourcecode.cpp.cpp; fileEncoding = 30; name = ofxControlTextBox.cpp; path = ../../../addons/ofxControl/src/ofxControlTextBox.cpp; sourceTree = SOURCE_ROOT; };
		AC20D9189D803D8084833916 /* ofxControlBpm.cpp */ = {isa = PBXFileReference; explicitFileType = sourcecode.cpp.cpp; fileEncoding = 30; name = ofxControlBpm.cpp; path = ../../../addons/ofxControl/src/ofxControlBpm.cpp; sourceTree = SOURCE_ROOT; };
		AD811792CEF4ECC6E8EF87B5 /* ofxControlBpm.h */ = {isa = PBXFileReference; explicitFileType = sourcecode.c.h; fileEncoding = 30; name = ofxControlBpm.h; path = ../../../addons/ofxControl/src/ofxControlBpm.h; sourceTree = SOURCE_ROOT; };
		ADD194746185E2DA11468377 /* IpEndpointName.cpp */ = {isa = PBXFileReference; explicitFileType = sourcecode.cpp.cpp; fileEncoding = 30; name = IpEndpointName.cpp; path = ../../../addons/ofxOsc/libs/oscpack/src/ip/IpEndpointName.cpp; sourceTree = SOURCE_ROOT; };
		AE335EB4709BFD4671EEAC84 /* MessageMappingOscPacketListener.h */ = {isa = PBXFileReference; explicitFileType = sourcecode.c.h; fileEncoding = 30; name = MessageMappingOscPacketListener.h; path = ../../../addons/ofxOsc/libs/oscpack/src/osc/MessageMappingOscPacketListener.h; sourceTree = SOURCE_ROOT; };
		AE7A9C84AD6621E3C2A64A74 /* ofxControlParameter.h */ = {isa = PBXFileReference; explicitFileType = sourcecode.c.h; fileEncoding = 30; name = ofxControlParameter.h; path = ../../../addons/ofxControl/src/ofxControlParameter.h; sourceTree = SOURCE_ROOT; };
		B08EBF3E1DCF032800D3E976 /* AudioUnitController.cpp */ = {isa = PBXFileReference; fileEncoding = 4; lastKnownFileType = sourcecode.cpp.cpp; path = AudioUnitController.cpp; sourceTree = "<group>"; };
		B08EBF3F1DCF032800D3E976 /* AudioUnitController.h */ = {isa = PBXFileReference; fileEncoding = 4; lastKnownFileType = sourcecode.c.h; path = AudioUnitController.h; sourceTree = "<group>"; };
		B31C608870ECEB2490A93736 /* ofxOscParameterSync.h */ = {isa = PBXFileReference; explicitFileType = sourcecode.c.h; fileEncoding = 30; name = ofxOscParameterSync.h; path = ../../../addons/ofxOsc/src/ofxOscParameterSync.h; sourceTree = SOURCE_ROOT; };
		B4488A9492C5F3EB48122907 /* ofxAudioUnitBase.h */ = {isa = PBXFileReference; explicitFileType = sourcecode.c.h; fileEncoding = 30; name = ofxAudioUnitBase.h; path = ../../../addons/ofxAudioUnit/src/ofxAudioUnitBase.h; sourceTree = SOURCE_ROOT; };
		B4691993D1234E9CB7374CEB /* ofxControlMenu.h */ = {isa = PBXFileReference; explicitFileType = sourcecode.c.h; fileEncoding = 30; name = ofxControlMenu.h; path = ../../../addons/ofxControl/src/ofxControlMenu.h; sourceTree = SOURCE_ROOT; };
		B49C378AB8D85498C77B7BD3 /* ofxControlButton.h */ = {isa = PBXFileReference; explicitFileType = sourcecode.c.h; fileEncoding = 30; name = ofxControlButton.h; path = ../../../addons/ofxControl/src/ofxControlButton.h; sourceTree = SOURCE_ROOT; };
		BC8881B3C8C0A1C45F042E7A /* OscPrintReceivedElements.cpp */ = {isa = PBXFileReference; explicitFileType = sourcecode.cpp.cpp; fileEncoding = 30; name = OscPrintReceivedElements.cpp; path = ../../../addons/ofxOsc/libs/oscpack/src/osc/OscPrintReceivedElements.cpp; sourceTree = SOURCE_ROOT; };
		BD3009DA85F81B966EF0D008 /* ofxControlSlider.h */ = {isa = PBXFileReference; explicitFileType = sourcecode.c.h; fileEncoding = 30; name = ofxControlSlider.h; path = ../../../addons/ofxControl/src/ofxControlSlider.h; sourceTree = SOURCE_ROOT; };
		BE4E186E85EBBFE29FA0378B /* ofxControlMidiSequencer.cpp */ = {isa = PBXFileReference; explicitFileType = sourcecode.cpp.cpp; fileEncoding = 30; name = ofxControlMidiSequencer.cpp; path = ../../../addons/ofxControl/src/ofxControlMidiSequencer.cpp; sourceTree = SOURCE_ROOT; };
		C03E4BD2B0DF7B29FCB3BDDF /* ofxAudioUnitSampler.h */ = {isa = PBXFileReference; explicitFileType = sourcecode.c.h; fileEncoding = 30; name = ofxAudioUnitSampler.h; path = ../../../addons/ofxAudioUnit/src/ofxAudioUnitSampler.h; sourceTree = SOURCE_ROOT; };
		C2504D6D58C7E5B3E9BF9500 /* ofxControlElement.cpp */ = {isa = PBXFileReference; explicitFileType = sourcecode.cpp.cpp; fileEncoding = 30; name = ofxControlElement.cpp; path = ../../../addons/ofxControl/src/ofxControlElement.cpp; sourceTree = SOURCE_ROOT; };
		C2FAC65C491D4231379F3298 /* ofxOscReceiver.cpp */ = {isa = PBXFileReference; explicitFileType = sourcecode.cpp.cpp; fileEncoding = 30; name = ofxOscReceiver.cpp; path = ../../../addons/ofxOsc/src/ofxOscReceiver.cpp; sourceTree = SOURCE_ROOT; };
		C3DB1ABCB1F5232384668895 /* ofxControlElement.h */ = {isa = PBXFileReference; explicitFileType = sourcecode.c.h; fileEncoding = 30; name = ofxControlElement.h; path = ../../../addons/ofxControl/src/ofxControlElement.h; sourceTree = SOURCE_ROOT; };
		C58862C6D212C8E8A83810F4 /* ofxOscMessage.h */ = {isa = PBXFileReference; explicitFileType = sourcecode.c.h; fileEncoding = 30; name = ofxOscMessage.h; path = ../../../addons/ofxOsc/src/ofxOscMessage.h; sourceTree = SOURCE_ROOT; };
		C6937888E126BADC8777423B /* OscTypes.h */ = {isa = PBXFileReference; explicitFileType = sourcecode.c.h; fileEncoding = 30; name = OscTypes.h; path = ../../../addons/ofxOsc/libs/oscpack/src/osc/OscTypes.h; sourceTree = SOURCE_ROOT; };
		C8329EBFADF768E535429BCA /* ofxAudioUnitNetReceive.cpp */ = {isa = PBXFileReference; explicitFileType = sourcecode.cpp.cpp; fileEncoding = 30; name = ofxAudioUnitNetReceive.cpp; path = ../../../addons/ofxAudioUnit/src/ofxAudioUnitNetReceive.cpp; sourceTree = SOURCE_ROOT; };
		C8B7749DFCB2413261E353B4 /* ofxAudioUnitMatrixMixer.cpp */ = {isa = PBXFileReference; explicitFileType = sourcecode.cpp.cpp; fileEncoding = 30; name = ofxAudioUnitMatrixMixer.cpp; path = ../../../addons/ofxAudioUnit/src/ofxAudioUnitMatrixMixer.cpp; sourceTree = SOURCE_ROOT; };
		C8EB310028D19B56B69B2813 /* ofxControlMultiRangeSlider.cpp */ = {isa = PBXFileReference; explicitFileType = sourcecode.cpp.cpp; fileEncoding = 30; name = ofxControlMultiRangeSlider.cpp; path = ../../../addons/ofxControl/src/ofxControlMultiRangeSlider.cpp; sourceTree = SOURCE_ROOT; };
		CB5F06A2158BDC02612E1411 /* ofxControlMenu.cpp */ = {isa = PBXFileReference; explicitFileType = sourcecode.cpp.cpp; fileEncoding = 30; name = ofxControlMenu.cpp; path = ../../../addons/ofxControl/src/ofxControlMenu.cpp; sourceTree = SOURCE_ROOT; };
		CCC45454AE1EDAA951FC5B84 /* ofxAudioUnitUtils.h */ = {isa = PBXFileReference; explicitFileType = sourcecode.c.h; fileEncoding = 30; name = ofxAudioUnitUtils.h; path = ../../../addons/ofxAudioUnit/src/ofxAudioUnitUtils.h; sourceTree = SOURCE_ROOT; };
		CDA167E15FB84F30B6CE5F74 /* ofxAudioUnitMidi.h */ = {isa = PBXFileReference; explicitFileType = sourcecode.c.h; fileEncoding = 30; name = ofxAudioUnitMidi.h; path = ../../../addons/ofxAudioUnit/src/ofxAudioUnitMidi.h; sourceTree = SOURCE_ROOT; };
		CE9E5EDC08F844DBE73523D0 /* ofxControlRangeSlider.cpp */ = {isa = PBXFileReference; explicitFileType = sourcecode.cpp.cpp; fileEncoding = 30; name = ofxControlRangeSlider.cpp; path = ../../../addons/ofxControl/src/ofxControlRangeSlider.cpp; sourceTree = SOURCE_ROOT; };
		D0D36A2F928EA0616E0B627E /* ofxControlWidget.h */ = {isa = PBXFileReference; explicitFileType = sourcecode.c.h; fileEncoding = 30; name = ofxControlWidget.h; path = ../../../addons/ofxControl/src/ofxControlWidget.h; sourceTree = SOURCE_ROOT; };
		D354A3121711EC82B6136FB0 /* CADebugMacros.cpp */ = {isa = PBXFileReference; explicitFileType = sourcecode.cpp.cpp; fileEncoding = 30; name = CADebugMacros.cpp; path = ../../../addons/ofxAudioUnit/src/CAPublicUtility/CADebugMacros.cpp; sourceTree = SOURCE_ROOT; };
		D51A3B424E06281899DE1B69 /* ofxAudioUnitTap.h */ = {isa = PBXFileReference; explicitFileType = sourcecode.c.h; fileEncoding = 30; name = ofxAudioUnitTap.h; path = ../../../addons/ofxAudioUnit/src/ofxAudioUnitTap.h; sourceTree = SOURCE_ROOT; };
		D74EE72DB86D80070F7849AB /* ofxControlSequencer.h */ = {isa = PBXFileReference; explicitFileType = sourcecode.c.h; fileEncoding = 30; name = ofxControlSequencer.h; path = ../../../addons/ofxControl/src/ofxControlSequencer.h; sourceTree = SOURCE_ROOT; };
		D9BFFBBF4CC43DEE890B3C3E /* OscTypes.cpp */ = {isa = PBXFileReference; explicitFileType = sourcecode.cpp.cpp; fileEncoding = 30; name = OscTypes.cpp; path = ../../../addons/ofxOsc/libs/oscpack/src/osc/OscTypes.cpp; sourceTree = SOURCE_ROOT; };
		DF49D76C45D5DB505A234880 /* ofxOscMessage.cpp */ = {isa = PBXFileReference; explicitFileType = sourcecode.cpp.cpp; fileEncoding = 30; name = ofxOscMessage.cpp; path = ../../../addons/ofxOsc/src/ofxOscMessage.cpp; sourceTree = SOURCE_ROOT; };
		E170B79EF66537D65E1AEC1D /* ofxControlPanel.h */ = {isa = PBXFileReference; explicitFileType = sourcecode.c.h; fileEncoding = 30; name = ofxControlPanel.h; path = ../../../addons/ofxControl/src/ofxControlPanel.h; sourceTree = SOURCE_ROOT; };
		E255709A8D96E5B2A47124C8 /* ofxAudioUnitFilePlayer.h */ = {isa = PBXFileReference; explicitFileType = sourcecode.c.h; fileEncoding = 30; name = ofxAudioUnitFilePlayer.h; path = ../../../addons/ofxAudioUnit/src/ofxAudioUnitFilePlayer.h; sourceTree = SOURCE_ROOT; };
		E4328143138ABC890047C5CB /* openFrameworksLib.xcodeproj */ = {isa = PBXFileReference; lastKnownFileType = "wrapper.pb-project"; name = openFrameworksLib.xcodeproj; path = ../../../libs/openFrameworksCompiled/project/osx/openFrameworksLib.xcodeproj; sourceTree = SOURCE_ROOT; };
		E460A9913F163CA725633B69 /* ofxControlOscManager.h */ = {isa = PBXFileReference; explicitFileType = sourcecode.c.h; fileEncoding = 30; name = ofxControlOscManager.h; path = ../../../addons/ofxControl/src/ofxControlOscManager.h; sourceTree = SOURCE_ROOT; };
		E4B69B5B0A3A1756003C02F2 /* AudioUnitOscDebug.app */ = {isa = PBXFileReference; explicitFileType = wrapper.application; includeInIndex = 0; path = AudioUnitOscDebug.app; sourceTree = BUILT_PRODUCTS_DIR; };
		E4B69E1D0A3A1BDC003C02F2 /* main.cpp */ = {isa = PBXFileReference; fileEncoding = 30; lastKnownFileType = sourcecode.cpp.cpp; name = main.cpp; path = src/main.cpp; sourceTree = SOURCE_ROOT; };
		E4B69E1E0A3A1BDC003C02F2 /* ofApp.cpp */ = {isa = PBXFileReference; explicitFileType = sourcecode.cpp.cpp; fileEncoding = 30; name = ofApp.cpp; path = src/ofApp.cpp; sourceTree = SOURCE_ROOT; };
		E4B69E1F0A3A1BDC003C02F2 /* ofApp.h */ = {isa = PBXFileReference; fileEncoding = 30; lastKnownFileType = sourcecode.c.h; name = ofApp.h; path = src/ofApp.h; sourceTree = SOURCE_ROOT; };
		E4B6FCAD0C3E899E008CF71C /* openFrameworks-Info.plist */ = {isa = PBXFileReference; fileEncoding = 30; lastKnownFileType = text.plist.xml; path = "openFrameworks-Info.plist"; sourceTree = "<group>"; };
		E4EB691F138AFCF100A09F29 /* CoreOF.xcconfig */ = {isa = PBXFileReference; fileEncoding = 4; lastKnownFileType = text.xcconfig; name = CoreOF.xcconfig; path = ../../../libs/openFrameworksCompiled/project/osx/CoreOF.xcconfig; sourceTree = SOURCE_ROOT; };
		E4EB6923138AFD0F00A09F29 /* Project.xcconfig */ = {isa = PBXFileReference; fileEncoding = 4; lastKnownFileType = text.xcconfig; path = Project.xcconfig; sourceTree = "<group>"; };
		E6DEF695B88BA5FAACEAA937 /* UdpSocket.cpp */ = {isa = PBXFileReference; explicitFileType = sourcecode.cpp.cpp; fileEncoding = 30; name = UdpSocket.cpp; path = ../../../addons/ofxOsc/libs/oscpack/src/ip/posix/UdpSocket.cpp; sourceTree = SOURCE_ROOT; };
		E8F2F49AF09EB5453E1E6536 /* CAAUParameter.cpp */ = {isa = PBXFileReference; explicitFileType = sourcecode.cpp.cpp; fileEncoding = 30; name = CAAUParameter.cpp; path = ../../../addons/ofxAudioUnit/src/CAPublicUtility/CAAUParameter.cpp; sourceTree = SOURCE_ROOT; };
		F19D5ADDB295206E2D11D022 /* ofxControlWidget.cpp */ = {isa = PBXFileReference; explicitFileType = sourcecode.cpp.cpp; fileEncoding = 30; name = ofxControlWidget.cpp; path = ../../../addons/ofxControl/src/ofxControlWidget.cpp; sourceTree = SOURCE_ROOT; };
		F4F5B6B8BA2BD52C646ED908 /* OscException.h */ = {isa = PBXFileReference; explicitFileType = sourcecode.c.h; fileEncoding = 30; name = OscException.h; path = ../../../addons/ofxOsc/libs/oscpack/src/osc/OscException.h; sourceTree = SOURCE_ROOT; };
		F6B47EE3720786D4B6C128CD /* ofxAudioUnitFftNode.h */ = {isa = PBXFileReference; explicitFileType = sourcecode.c.h; fileEncoding = 30; name = ofxAudioUnitFftNode.h; path = ../../../addons/ofxAudioUnit/src/ofxAudioUnitFftNode.h; sourceTree = SOURCE_ROOT; };
		F7FBC56859535E597B24BB91 /* NetworkingUtils.h */ = {isa = PBXFileReference; explicitFileType = sourcecode.c.h; fileEncoding = 30; name = NetworkingUtils.h; path = ../../../addons/ofxOsc/libs/oscpack/src/ip/NetworkingUtils.h; sourceTree = SOURCE_ROOT; };
		F87718627E3AC8BBCD17012D /* ofxAudioUnitNetReceive.h */ = {isa = PBXFileReference; explicitFileType = sourcecode.c.h; fileEncoding = 30; name = ofxAudioUnitNetReceive.h; path = ../../../addons/ofxAudioUnit/src/ofxAudioUnitNetReceive.h; sourceTree = SOURCE_ROOT; };
		F8ADFB6685B4886F48E323A6 /* ofxAudioUnit.h */ = {isa = PBXFileReference; explicitFileType = sourcecode.c.h; fileEncoding = 30; name = ofxAudioUnit.h; path = ../../../addons/ofxAudioUnit/src/ofxAudioUnit.h; sourceTree = SOURCE_ROOT; };
		FAF45AEC9BA542FF69767837 /* ofxControl.h */ = {isa = PBXFileReference; explicitFileType = sourcecode.c.h; fileEncoding = 30; name = ofxControl.h; path = ../../../addons/ofxControl/src/ofxControl.h; sourceTree = SOURCE_ROOT; };
		FB86BB3FABAF9594E3393DCA /* AudioUnit.framework */ = {isa = PBXFileReference; lastKnownFileType = wrapper.framework; name = AudioUnit.framework; path = /System/Library/Frameworks/AudioUnit.framework; sourceTree = "<group>"; };
		FD858D2019DC626225D01396 /* Base64.h */ = {isa = PBXFileReference; explicitFileType = sourcecode.c.h; fileEncoding = 30; name = Base64.h; path = ../../../addons/ofxControl/src/Base64.h; sourceTree = SOURCE_ROOT; };
		FDA227D32C008FE98AD76882 /* AUParamInfo.cpp */ = {isa = PBXFileReference; explicitFileType = sourcecode.cpp.cpp; fileEncoding = 30; name = AUParamInfo.cpp; path = ../../../addons/ofxAudioUnit/src/CAPublicUtility/AUParamInfo.cpp; sourceTree = SOURCE_ROOT; };
		FF907932A21C5D48B60D4FEB /* ofxAudioUnitRecorder.h */ = {isa = PBXFileReference; explicitFileType = sourcecode.c.h; fileEncoding = 30; name = ofxAudioUnitRecorder.h; path = ../../../addons/ofxAudioUnit/src/ofxAudioUnitRecorder.h; sourceTree = SOURCE_ROOT; };
		FF9373CF95715BD3B8B9E8F9 /* ofxAudioUnitCocoaUtilties.mm */ = {isa = PBXFileReference; explicitFileType = sourcecode.cpp.objcpp; fileEncoding = 30; name = ofxAudioUnitCocoaUtilties.mm; path = ../../../addons/ofxAudioUnit/src/ofxAudioUnitCocoaUtilties.mm; sourceTree = SOURCE_ROOT; };
/* End PBXFileReference section */

/* Begin PBXFrameworksBuildPhase section */
		E4B69B590A3A1756003C02F2 /* Frameworks */ = {
			isa = PBXFrameworksBuildPhase;
			buildActionMask = 2147483647;
			files = (
				E4328149138ABC9F0047C5CB /* openFrameworksDebug.a in Frameworks */,
				631702104AFC104323A9EB79 /* CoreMIDI.framework in Frameworks */,
				6EC15DE2884A9C5257ED8E91 /* CoreAudioKit.framework in Frameworks */,
				C5E51D999F9F9E1D1A6CF847 /* AudioUnit.framework in Frameworks */,
			);
			runOnlyForDeploymentPostprocessing = 0;
		};
/* End PBXFrameworksBuildPhase section */

/* Begin PBXGroup section */
		157A2C65AD89F30A11EAE48C /* ofxControl */ = {
			isa = PBXGroup;
			children = (
				394ADE714A1F85E60B5618AB /* src */,
			);
			name = ofxControl;
			sourceTree = "<group>";
		};
		1F4B8F73512F75DCABF5DA50 /* CAPublicUtility */ = {
			isa = PBXGroup;
			children = (
				FDA227D32C008FE98AD76882 /* AUParamInfo.cpp */,
				240097A265C7FC338C551511 /* AUParamInfo.h */,
				E8F2F49AF09EB5453E1E6536 /* CAAUParameter.cpp */,
				13B169351929EEA804C94E5D /* CAAUParameter.h */,
				D354A3121711EC82B6136FB0 /* CADebugMacros.cpp */,
				598ECD3AE55D46CB116F5C6F /* CADebugMacros.h */,
				2295801F930C94A28D50E7E2 /* CAXException.h */,
			);
			name = CAPublicUtility;
			sourceTree = "<group>";
		};
		30CB364908817057B430D528 /* osc */ = {
			isa = PBXGroup;
			children = (
				AE335EB4709BFD4671EEAC84 /* MessageMappingOscPacketListener.h */,
				F4F5B6B8BA2BD52C646ED908 /* OscException.h */,
				A2AAA8CA403479E6FCDF920E /* OscHostEndianness.h */,
				63A47AC60FFAFC3BF093EC0F /* OscOutboundPacketStream.cpp */,
				029684CF678F70F6D3537A29 /* OscOutboundPacketStream.h */,
				6B65E6930994CC4B2D2B8B33 /* OscPacketListener.h */,
				BC8881B3C8C0A1C45F042E7A /* OscPrintReceivedElements.cpp */,
				4E95FB446A9C9C6F0DE12D75 /* OscPrintReceivedElements.h */,
				9BF3AA0D4FAA89D0F8A0E545 /* OscReceivedElements.cpp */,
				20F35AFADAF0068B067E713F /* OscReceivedElements.h */,
				D9BFFBBF4CC43DEE890B3C3E /* OscTypes.cpp */,
				C6937888E126BADC8777423B /* OscTypes.h */,
			);
			name = osc;
			sourceTree = "<group>";
		};
		38871A5825686AE018EC2BF0 /* libs */ = {
			isa = PBXGroup;
			children = (
				86D2677079A3AF4A5A88E29A /* oscpack */,
			);
			name = libs;
			sourceTree = "<group>";
		};
		394ADE714A1F85E60B5618AB /* src */ = {
			isa = PBXGroup;
			children = (
				404909ACC5528A446F86752C /* Base64.cpp */,
				FD858D2019DC626225D01396 /* Base64.h */,
				FAF45AEC9BA542FF69767837 /* ofxControl.h */,
				10620EA8C755C6D304D8967B /* ofxControl2dPad.cpp */,
				7F9EDB321DC1CC61E29AE4ED /* ofxControl2dPad.h */,
				1E64E04E7DD80799A960DE47 /* ofxControlBase.cpp */,
				4643A14DCC10DA58CAA874B3 /* ofxControlBase.h */,
				AC20D9189D803D8084833916 /* ofxControlBpm.cpp */,
				AD811792CEF4ECC6E8EF87B5 /* ofxControlBpm.h */,
				A3B86EAF56941B8764FC7183 /* ofxControlButton.cpp */,
				B49C378AB8D85498C77B7BD3 /* ofxControlButton.h */,
				6B87D47BF06B6B77925306C3 /* ofxControlColor.cpp */,
				3656453C80EAC24F71DB205F /* ofxControlColor.h */,
				4DD2FE7F25CD71AEABFAF6E1 /* ofxControlConstants.h */,
				C2504D6D58C7E5B3E9BF9500 /* ofxControlElement.cpp */,
				C3DB1ABCB1F5232384668895 /* ofxControlElement.h */,
				CB5F06A2158BDC02612E1411 /* ofxControlMenu.cpp */,
				B4691993D1234E9CB7374CEB /* ofxControlMenu.h */,
				BE4E186E85EBBFE29FA0378B /* ofxControlMidiSequencer.cpp */,
				6EF27248E0BF8BC17B168BB2 /* ofxControlMidiSequencer.h */,
				A7F4CB87A218D604222097F4 /* ofxControlMultiElement.cpp */,
				34AF60074B46DD1515C1AAEA /* ofxControlMultiElement.h */,
				C8EB310028D19B56B69B2813 /* ofxControlMultiRangeSlider.cpp */,
				807D0BE41B2AD43FC0A794A0 /* ofxControlMultiRangeSlider.h */,
				533BC9E677365CAEBABDE32D /* ofxControlMultiSlider.cpp */,
				7B8F77474AA8EDABF091DAED /* ofxControlMultiSlider.h */,
				9E5823E12CEB695D775A820A /* ofxControlOscManager.cpp */,
				E460A9913F163CA725633B69 /* ofxControlOscManager.h */,
				845AD8C70E8C7FD4D65159B3 /* ofxControlOscManagerPanel.cpp */,
				62A4733E6DD24DE0D47F2CD0 /* ofxControlOscManagerPanel.h */,
				269154488EC9D81500954456 /* ofxControlPanel.cpp */,
				E170B79EF66537D65E1AEC1D /* ofxControlPanel.h */,
				AE7A9C84AD6621E3C2A64A74 /* ofxControlParameter.h */,
				CE9E5EDC08F844DBE73523D0 /* ofxControlRangeSlider.cpp */,
				A4000B8368891301277E57D7 /* ofxControlRangeSlider.h */,
				22351BDC1BF11AD2C7514AAB /* ofxControlSequence.cpp */,
				9482BA25298C3DCFDA00FBFA /* ofxControlSequence.h */,
				8208285D2C9338E091E97F1F /* ofxControlSequencer.cpp */,
				D74EE72DB86D80070F7849AB /* ofxControlSequencer.h */,
				4167F127380B0C1F252B7FFC /* ofxControlSlider.cpp */,
				BD3009DA85F81B966EF0D008 /* ofxControlSlider.h */,
				AB18FF4B8A5160F1AE00A25F /* ofxControlTextBox.cpp */,
				A984A0B78CEFDA3DA2013FEC /* ofxControlTextBox.h */,
				662F7D0ED9FDC77CAEF95D23 /* ofxControlTouchOSC.cpp */,
				A0BC68C6C5BA4AD81E1343E4 /* ofxControlTouchOSC.h */,
				F19D5ADDB295206E2D11D022 /* ofxControlWidget.cpp */,
				D0D36A2F928EA0616E0B627E /* ofxControlWidget.h */,
				564E48B1C3AACE6F032AA909 /* ofxControlWidgetSelector.cpp */,
				20C5D4414D9A9E6135835F45 /* ofxControlWidgetSelector.h */,
			);
			name = src;
			sourceTree = "<group>";
		};
		57D572937403D9D7FE4C2000 /* TPCircularBuffer */ = {
			isa = PBXGroup;
			children = (
				7C1900A801EF82F8E3B799B7 /* TPCircularBuffer.c */,
				4B3F2BB1352C56702EDD2D4E /* TPCircularBuffer.h */,
			);
			name = TPCircularBuffer;
			sourceTree = "<group>";
		};
		641362CA659FAFEE4E81001B /* posix */ = {
			isa = PBXGroup;
			children = (
				3B361208CD4107E479F04E7B /* NetworkingUtils.cpp */,
				E6DEF695B88BA5FAACEAA937 /* UdpSocket.cpp */,
			);
			name = posix;
			sourceTree = "<group>";
		};
		6948EE371B920CB800B5AC1A /* local_addons */ = {
			isa = PBXGroup;
			children = (
			);
			name = local_addons;
			sourceTree = "<group>";
		};
		8119335EE8E352A52D64B712 /* src */ = {
			isa = PBXGroup;
			children = (
				1F4B8F73512F75DCABF5DA50 /* CAPublicUtility */,
				2DC2346096C29D44D4517679 /* ofxAudioUnit.cpp */,
				F8ADFB6685B4886F48E323A6 /* ofxAudioUnit.h */,
				B4488A9492C5F3EB48122907 /* ofxAudioUnitBase.h */,
				FF9373CF95715BD3B8B9E8F9 /* ofxAudioUnitCocoaUtilties.mm */,
				AA63A01981FA6FCF6879A5C3 /* ofxAudioUnitDSPNode.cpp */,
				8B873EEEF22B81D25EA0D45D /* ofxAudioUnitDSPNode.h */,
				10F1B6B6DFEE960F7FA4C661 /* ofxAudioUnitFftNode.cpp */,
				F6B47EE3720786D4B6C128CD /* ofxAudioUnitFftNode.h */,
				31564F8523FF518F4EC8F292 /* ofxAudioUnitFilePlayer.cpp */,
				E255709A8D96E5B2A47124C8 /* ofxAudioUnitFilePlayer.h */,
				9ABA70779062F057766BC5DE /* ofxAudioUnitHardwareUtils.cpp */,
				A9FB6499E5A09FB015A883EA /* ofxAudioUnitHardwareUtils.h */,
				921304ABBEE9BBAD13436898 /* ofxAudioUnitInput.cpp */,
				29320BAA1F94E62780C2C648 /* ofxAudioUnitInput.h */,
				C8B7749DFCB2413261E353B4 /* ofxAudioUnitMatrixMixer.cpp */,
				24AF919600E8F2404A7E5035 /* ofxAudioUnitMatrixMixer.h */,
				49B5DC24CF34C7895A503416 /* ofxAudioUnitMidi.cpp */,
				CDA167E15FB84F30B6CE5F74 /* ofxAudioUnitMidi.h */,
				2939367276DF781697E0D879 /* ofxAudioUnitMixer.cpp */,
				18F9C99EFC1FC4B7EAF4E79F /* ofxAudioUnitMixer.h */,
				C8329EBFADF768E535429BCA /* ofxAudioUnitNetReceive.cpp */,
				F87718627E3AC8BBCD17012D /* ofxAudioUnitNetReceive.h */,
				1B31A94C1F7A20222686E663 /* ofxAudioUnitNetSend.cpp */,
				18B335E1BC2A834648C8D7DF /* ofxAudioUnitNetSend.h */,
				58685F70D967CF184B231102 /* ofxAudioUnitOutput.cpp */,
				089DEAE1CF6D401E86110F72 /* ofxAudioUnitOutput.h */,
				7FB5F74C69D4E17560BB615E /* ofxAudioUnitRecorder.cpp */,
				FF907932A21C5D48B60D4FEB /* ofxAudioUnitRecorder.h */,
				72439F44FFDA8E291988657B /* ofxAudioUnitSampler.cpp */,
				C03E4BD2B0DF7B29FCB3BDDF /* ofxAudioUnitSampler.h */,
				39A11AF55C4BFFBB589C8D0D /* ofxAudioUnitSpeechSynth.cpp */,
				883971DDCC3F7881C2C65B50 /* ofxAudioUnitSpeechSynth.h */,
				3BF3233A625C876FDABFAB0C /* ofxAudioUnitTap.cpp */,
				D51A3B424E06281899DE1B69 /* ofxAudioUnitTap.h */,
				CCC45454AE1EDAA951FC5B84 /* ofxAudioUnitUtils.h */,
				57D572937403D9D7FE4C2000 /* TPCircularBuffer */,
			);
			name = src;
			sourceTree = "<group>";
		};
		86D2677079A3AF4A5A88E29A /* oscpack */ = {
			isa = PBXGroup;
			children = (
				D27B2221A225CA523C019676 /* src */,
			);
			name = oscpack;
			sourceTree = "<group>";
		};
		9360D34D90EA59A50AF2804F /* ofxAudioUnit */ = {
			isa = PBXGroup;
			children = (
				8119335EE8E352A52D64B712 /* src */,
				A4815AD4890FAD2943D30F8C /* frameworks */,
			);
			name = ofxAudioUnit;
			sourceTree = "<group>";
		};
		A4815AD4890FAD2943D30F8C /* frameworks */ = {
			isa = PBXGroup;
			children = (
				81AC32CCCB56FAABA3E1BDE0 /* CoreMIDI.framework */,
				692A51D3CA888391C859A345 /* CoreAudioKit.framework */,
				FB86BB3FABAF9594E3393DCA /* AudioUnit.framework */,
			);
			name = frameworks;
			sourceTree = "<group>";
		};
		BB4B014C10F69532006C3DED /* addons */ = {
			isa = PBXGroup;
			children = (
				9360D34D90EA59A50AF2804F /* ofxAudioUnit */,
				157A2C65AD89F30A11EAE48C /* ofxControl */,
				E6053AB7FEC63D5F83825B88 /* ofxOsc */,
			);
			name = addons;
			sourceTree = "<group>";
		};
		BD2F1A9F8D0C05EDB29122D0 /* src */ = {
			isa = PBXGroup;
			children = (
				00D6D32B84B099226431108C /* ofxOsc.h */,
				7689F8A0F3D0B7635A8C3104 /* ofxOscArg.h */,
				65EEFA3DA3526E9CDD9C21F9 /* ofxOscBundle.cpp */,
				8B30E93FD3D3475EED522A0E /* ofxOscBundle.h */,
				DF49D76C45D5DB505A234880 /* ofxOscMessage.cpp */,
				C58862C6D212C8E8A83810F4 /* ofxOscMessage.h */,
				0AED834CE4DEC5260AF302A2 /* ofxOscParameterSync.cpp */,
				B31C608870ECEB2490A93736 /* ofxOscParameterSync.h */,
				C2FAC65C491D4231379F3298 /* ofxOscReceiver.cpp */,
				8C75AFC8774A62495DD53464 /* ofxOscReceiver.h */,
				81967292BFC87A0144BD32C6 /* ofxOscSender.cpp */,
				9F7986DC4EB05E75FCE2C777 /* ofxOscSender.h */,
			);
			name = src;
			sourceTree = "<group>";
		};
		D27B2221A225CA523C019676 /* src */ = {
			isa = PBXGroup;
			children = (
				FF8CDF57858E9B94E3237115 /* ip */,
				30CB364908817057B430D528 /* osc */,
			);
			name = src;
			sourceTree = "<group>";
		};
		E4328144138ABC890047C5CB /* Products */ = {
			isa = PBXGroup;
			children = (
				E4328148138ABC890047C5CB /* openFrameworksDebug.a */,
			);
			name = Products;
			sourceTree = "<group>";
		};
		E4B69B4A0A3A1720003C02F2 = {
			isa = PBXGroup;
			children = (
				E4B6FCAD0C3E899E008CF71C /* openFrameworks-Info.plist */,
				E4EB6923138AFD0F00A09F29 /* Project.xcconfig */,
				E4B69E1C0A3A1BDC003C02F2 /* src */,
				E4EEC9E9138DF44700A80321 /* openFrameworks */,
				BB4B014C10F69532006C3DED /* addons */,
				6948EE371B920CB800B5AC1A /* local_addons */,
				E4B69B5B0A3A1756003C02F2 /* AudioUnitOscDebug.app */,
			);
			sourceTree = "<group>";
		};
		E4B69E1C0A3A1BDC003C02F2 /* src */ = {
			isa = PBXGroup;
			children = (
				E4B69E1D0A3A1BDC003C02F2 /* main.cpp */,
				E4B69E1E0A3A1BDC003C02F2 /* ofApp.cpp */,
				E4B69E1F0A3A1BDC003C02F2 /* ofApp.h */,
				B08EBF3E1DCF032800D3E976 /* AudioUnitController.cpp */,
				B08EBF3F1DCF032800D3E976 /* AudioUnitController.h */,
			);
			path = src;
			sourceTree = SOURCE_ROOT;
		};
		E4EEC9E9138DF44700A80321 /* openFrameworks */ = {
			isa = PBXGroup;
			children = (
				E4EB691F138AFCF100A09F29 /* CoreOF.xcconfig */,
				E4328143138ABC890047C5CB /* openFrameworksLib.xcodeproj */,
			);
			name = openFrameworks;
			sourceTree = "<group>";
		};
		E6053AB7FEC63D5F83825B88 /* ofxOsc */ = {
			isa = PBXGroup;
			children = (
				BD2F1A9F8D0C05EDB29122D0 /* src */,
				38871A5825686AE018EC2BF0 /* libs */,
			);
			name = ofxOsc;
			sourceTree = "<group>";
		};
		FF8CDF57858E9B94E3237115 /* ip */ = {
			isa = PBXGroup;
			children = (
				ADD194746185E2DA11468377 /* IpEndpointName.cpp */,
				48974F980F51769171D0B2F5 /* IpEndpointName.h */,
				F7FBC56859535E597B24BB91 /* NetworkingUtils.h */,
				23640F57DF6C4BB6BFC5DA4C /* PacketListener.h */,
				641362CA659FAFEE4E81001B /* posix */,
				444657A12E59D0ED86981498 /* TimerListener.h */,
				2FD4B0329909D3527F003494 /* UdpSocket.h */,
			);
			name = ip;
			sourceTree = "<group>";
		};
/* End PBXGroup section */

/* Begin PBXNativeTarget section */
		E4B69B5A0A3A1756003C02F2 /* AudioUnitOsc */ = {
			isa = PBXNativeTarget;
			buildConfigurationList = E4B69B5F0A3A1757003C02F2 /* Build configuration list for PBXNativeTarget "AudioUnitOsc" */;
			buildPhases = (
				E4B69B580A3A1756003C02F2 /* Sources */,
				E4B69B590A3A1756003C02F2 /* Frameworks */,
				E4B6FFFD0C3F9AB9008CF71C /* ShellScript */,
				E4C2427710CC5ABF004149E2 /* CopyFiles */,
			);
			buildRules = (
			);
			dependencies = (
				E4EEB9AC138B136A00A80321 /* PBXTargetDependency */,
			);
			name = AudioUnitOsc;
			productName = myOFApp;
			productReference = E4B69B5B0A3A1756003C02F2 /* AudioUnitOscDebug.app */;
			productType = "com.apple.product-type.application";
		};
/* End PBXNativeTarget section */

/* Begin PBXProject section */
		E4B69B4C0A3A1720003C02F2 /* Project object */ = {
			isa = PBXProject;
			attributes = {
				LastUpgradeCheck = 0600;
			};
			buildConfigurationList = E4B69B4D0A3A1720003C02F2 /* Build configuration list for PBXProject "AudioUnitOsc" */;
			compatibilityVersion = "Xcode 3.2";
			developmentRegion = English;
			hasScannedForEncodings = 0;
			knownRegions = (
				English,
				Japanese,
				French,
				German,
			);
			mainGroup = E4B69B4A0A3A1720003C02F2;
			productRefGroup = E4B69B4A0A3A1720003C02F2;
			projectDirPath = "";
			projectReferences = (
				{
					ProductGroup = E4328144138ABC890047C5CB /* Products */;
					ProjectRef = E4328143138ABC890047C5CB /* openFrameworksLib.xcodeproj */;
				},
			);
			projectRoot = "";
			targets = (
				E4B69B5A0A3A1756003C02F2 /* AudioUnitOsc */,
			);
		};
/* End PBXProject section */

/* Begin PBXReferenceProxy section */
		E4328148138ABC890047C5CB /* openFrameworksDebug.a */ = {
			isa = PBXReferenceProxy;
			fileType = archive.ar;
			path = openFrameworksDebug.a;
			remoteRef = E4328147138ABC890047C5CB /* PBXContainerItemProxy */;
			sourceTree = BUILT_PRODUCTS_DIR;
		};
/* End PBXReferenceProxy section */

/* Begin PBXShellScriptBuildPhase section */
		E4B6FFFD0C3F9AB9008CF71C /* ShellScript */ = {
			isa = PBXShellScriptBuildPhase;
			buildActionMask = 2147483647;
			files = (
			);
			inputPaths = (
			);
			outputPaths = (
			);
			runOnlyForDeploymentPostprocessing = 0;
			shellPath = /bin/sh;
			shellScript = "mkdir -p \"$TARGET_BUILD_DIR/$PRODUCT_NAME.app/Contents/Resources/\"\n# Copy default icon file into App/Resources\nrsync -aved \"$ICON_FILE\" \"$TARGET_BUILD_DIR/$PRODUCT_NAME.app/Contents/Resources/\"\n# Copy libfmod and change install directory for fmod to run\nrsync -aved ../../../libs/fmodex/lib/osx/libfmodex.dylib \"$TARGET_BUILD_DIR/$PRODUCT_NAME.app/Contents/Frameworks/\";\ninstall_name_tool -change @executable_path/libfmodex.dylib @executable_path/../Frameworks/libfmodex.dylib \"$TARGET_BUILD_DIR/$PRODUCT_NAME.app/Contents/MacOS/$PRODUCT_NAME\";\n# Copy GLUT framework (must remove for AppStore submissions)\nrsync -aved ../../../libs/glut/lib/osx/GLUT.framework \"$TARGET_BUILD_DIR/$PRODUCT_NAME.app/Contents/Frameworks/\"\n";
		};
/* End PBXShellScriptBuildPhase section */

/* Begin PBXSourcesBuildPhase section */
		E4B69B580A3A1756003C02F2 /* Sources */ = {
			isa = PBXSourcesBuildPhase;
			buildActionMask = 2147483647;
			files = (
				E4B69E200A3A1BDC003C02F2 /* main.cpp in Sources */,
				E4B69E210A3A1BDC003C02F2 /* ofApp.cpp in Sources */,
				6F4C9BC6393F980E0D016D52 /* AUParamInfo.cpp in Sources */,
				B7855559EDBA512073143693 /* CAAUParameter.cpp in Sources */,
				0C4F519BCE65BA5D7D6B6B68 /* CADebugMacros.cpp in Sources */,
				87B337624802E70C0BDB11F3 /* ofxAudioUnit.cpp in Sources */,
				2D5FF7F2ACFB45212BC7739D /* ofxAudioUnitCocoaUtilties.mm in Sources */,
				2B33B0211E062CB61C7FAEF9 /* ofxAudioUnitDSPNode.cpp in Sources */,
				0E826EC50F9F913C3159C2F7 /* ofxAudioUnitFftNode.cpp in Sources */,
				F37393707BBD7E49A1055FFB /* ofxAudioUnitFilePlayer.cpp in Sources */,
				F09EC3F89CF64E415784BB32 /* ofxAudioUnitHardwareUtils.cpp in Sources */,
				A1D93B3B282E51FD3DED5313 /* ofxAudioUnitInput.cpp in Sources */,
				0906C2D4D2BBEC054B2D5BA5 /* ofxAudioUnitMatrixMixer.cpp in Sources */,
				D5D5C8479C1C2A462955A2EC /* ofxAudioUnitMidi.cpp in Sources */,
				71239FABD9DD8DADE3E2EFF9 /* ofxAudioUnitMixer.cpp in Sources */,
				C0A1F9451231B08DCCFFC838 /* ofxAudioUnitNetReceive.cpp in Sources */,
				250A710D8814BF6D345B0877 /* ofxAudioUnitNetSend.cpp in Sources */,
				F46D757E6D52DFFE3A9C169B /* ofxAudioUnitOutput.cpp in Sources */,
				AA26BBDA5E32E5BB20C82ADD /* ofxAudioUnitRecorder.cpp in Sources */,
				0928F46C1FFAFB7170C2A661 /* ofxAudioUnitSampler.cpp in Sources */,
				AB6830767302568AB46DC937 /* ofxAudioUnitSpeechSynth.cpp in Sources */,
				0B1A7EDFBC477E5A2E37CCDF /* ofxAudioUnitTap.cpp in Sources */,
				EE243572ECA9AD4D118EEF8E /* TPCircularBuffer.c in Sources */,
				7E0D2586B97EF28DB0017DB3 /* Base64.cpp in Sources */,
				FF7BA513209CDD286F654554 /* ofxControl2dPad.cpp in Sources */,
				F1440B2964FFEB3D7AC16B22 /* ofxControlBase.cpp in Sources */,
				C3FEF526228167DB279C9FF5 /* ofxControlBpm.cpp in Sources */,
				C597C10C7D9050F80877DD20 /* ofxControlButton.cpp in Sources */,
				5E4226BDBF92E688E1485262 /* ofxControlColor.cpp in Sources */,
				83DE18C337910BECFBAF93EC /* ofxControlElement.cpp in Sources */,
				8214BBF315F3FE8E7AA53A09 /* ofxControlMenu.cpp in Sources */,
				ADEF2710D82C61E7575D77D6 /* ofxControlMidiSequencer.cpp in Sources */,
				95EA8D90BEDFB3F392C5FC19 /* ofxControlMultiElement.cpp in Sources */,
				D05B2602C55B08AC8246D30B /* ofxControlMultiRangeSlider.cpp in Sources */,
				3480F2593A7D2D1185A58BD2 /* ofxControlMultiSlider.cpp in Sources */,
				B105619F131F2CBAAD643A04 /* ofxControlOscManager.cpp in Sources */,
				87EF2AD666DD3859D3EAC437 /* ofxControlOscManagerPanel.cpp in Sources */,
				17702BA79B8951D3E67D731E /* ofxControlPanel.cpp in Sources */,
				B08EBF401DCF032800D3E976 /* AudioUnitController.cpp in Sources */,
				FA337D41E6D268A025CF8F87 /* ofxControlRangeSlider.cpp in Sources */,
				54D2AFE4CAB9E9987184B8CB /* ofxControlSequence.cpp in Sources */,
				5B19D7CDA0DA2D6E32C98BFB /* ofxControlSequencer.cpp in Sources */,
				CF73E623A0339945CEE95761 /* ofxControlSlider.cpp in Sources */,
				7AD6D29D26362072A946396B /* ofxControlTextBox.cpp in Sources */,
				65409860C43A30769CCA1948 /* ofxControlTouchOSC.cpp in Sources */,
				2441ABB8D077D1710B674B6B /* ofxControlWidget.cpp in Sources */,
				C63E3138C0C0B49FE26B6DC2 /* ofxControlWidgetSelector.cpp in Sources */,
				72A929D3561B8232A182ABFC /* ofxOscBundle.cpp in Sources */,
				5864AD82E20F15536D054EA3 /* ofxOscMessage.cpp in Sources */,
				4ADB88E2FB52E76A471065DE /* ofxOscParameterSync.cpp in Sources */,
				640279EE111671BD026CB013 /* ofxOscReceiver.cpp in Sources */,
				8F5205AEF8861EF234F0651A /* ofxOscSender.cpp in Sources */,
				ADE367465D2A8EBAD4C7A8D9 /* IpEndpointName.cpp in Sources */,
				67FE4C7B15C2F0478C8126C2 /* NetworkingUtils.cpp in Sources */,
				510CAFE035E576A4E1502D52 /* UdpSocket.cpp in Sources */,
				62545D179C94265CA1389D4A /* OscOutboundPacketStream.cpp in Sources */,
				C4782ECC372420ACE0615B74 /* OscPrintReceivedElements.cpp in Sources */,
				0546D1A38E13BD319CC9755B /* OscReceivedElements.cpp in Sources */,
				879A251454401BC0B6E4F238 /* OscTypes.cpp in Sources */,
			);
			runOnlyForDeploymentPostprocessing = 0;
		};
/* End PBXSourcesBuildPhase section */

/* Begin PBXTargetDependency section */
		E4EEB9AC138B136A00A80321 /* PBXTargetDependency */ = {
			isa = PBXTargetDependency;
			name = openFrameworks;
			targetProxy = E4EEB9AB138B136A00A80321 /* PBXContainerItemProxy */;
		};
/* End PBXTargetDependency section */

/* Begin XCBuildConfiguration section */
		E4B69B4E0A3A1720003C02F2 /* Debug */ = {
			isa = XCBuildConfiguration;
			baseConfigurationReference = E4EB6923138AFD0F00A09F29 /* Project.xcconfig */;
			buildSettings = {
				CONFIGURATION_BUILD_DIR = "$(SRCROOT)/bin/";
				COPY_PHASE_STRIP = NO;
				DEAD_CODE_STRIPPING = YES;
				GCC_AUTO_VECTORIZATION = YES;
				GCC_ENABLE_SSE3_EXTENSIONS = YES;
				GCC_ENABLE_SUPPLEMENTAL_SSE3_INSTRUCTIONS = YES;
				GCC_INLINES_ARE_PRIVATE_EXTERN = NO;
				GCC_OPTIMIZATION_LEVEL = 0;
				GCC_SYMBOLS_PRIVATE_EXTERN = NO;
				GCC_WARN_ABOUT_DEPRECATED_FUNCTIONS = YES;
				GCC_WARN_ABOUT_INVALID_OFFSETOF_MACRO = NO;
				GCC_WARN_ALLOW_INCOMPLETE_PROTOCOL = NO;
				GCC_WARN_UNINITIALIZED_AUTOS = NO;
				GCC_WARN_UNUSED_VALUE = NO;
				GCC_WARN_UNUSED_VARIABLE = NO;
				HEADER_SEARCH_PATHS = (
					"$(OF_CORE_HEADERS)",
					src,
					../../../addons/ofxAudioUnit/src,
					../../../addons/ofxAudioUnit/src/CAPublicUtility,
					../../../addons/ofxAudioUnit/src/TPCircularBuffer,
					../../../addons/ofxControl/src,
					../../../addons/ofxOsc/libs,
					../../../addons/ofxOsc/libs/oscpack,
					../../../addons/ofxOsc/libs/oscpack/src,
					../../../addons/ofxOsc/libs/oscpack/src/ip,
					../../../addons/ofxOsc/libs/oscpack/src/ip/posix,
					../../../addons/ofxOsc/libs/oscpack/src/ip/win32,
					../../../addons/ofxOsc/libs/oscpack/src/osc,
					../../../addons/ofxOsc/src,
				);
				MACOSX_DEPLOYMENT_TARGET = 10.8;
				ONLY_ACTIVE_ARCH = YES;
				OTHER_CPLUSPLUSFLAGS = (
					"-D__MACOSX_CORE__",
					"-mtune=native",
				);
				SDKROOT = macosx;
			};
			name = Debug;
		};
		E4B69B4F0A3A1720003C02F2 /* Release */ = {
			isa = XCBuildConfiguration;
			baseConfigurationReference = E4EB6923138AFD0F00A09F29 /* Project.xcconfig */;
			buildSettings = {
				CONFIGURATION_BUILD_DIR = "$(SRCROOT)/bin/";
				COPY_PHASE_STRIP = YES;
				DEAD_CODE_STRIPPING = YES;
				GCC_AUTO_VECTORIZATION = YES;
				GCC_ENABLE_SSE3_EXTENSIONS = YES;
				GCC_ENABLE_SUPPLEMENTAL_SSE3_INSTRUCTIONS = YES;
				GCC_INLINES_ARE_PRIVATE_EXTERN = NO;
				GCC_OPTIMIZATION_LEVEL = 3;
				GCC_SYMBOLS_PRIVATE_EXTERN = NO;
				GCC_UNROLL_LOOPS = YES;
				GCC_WARN_ABOUT_DEPRECATED_FUNCTIONS = YES;
				GCC_WARN_ABOUT_INVALID_OFFSETOF_MACRO = NO;
				GCC_WARN_ALLOW_INCOMPLETE_PROTOCOL = NO;
				GCC_WARN_UNINITIALIZED_AUTOS = NO;
				GCC_WARN_UNUSED_VALUE = NO;
				GCC_WARN_UNUSED_VARIABLE = NO;
				HEADER_SEARCH_PATHS = (
					"$(OF_CORE_HEADERS)",
					src,
					../../../addons/ofxAudioUnit/src,
					../../../addons/ofxAudioUnit/src/CAPublicUtility,
					../../../addons/ofxAudioUnit/src/TPCircularBuffer,
					../../../addons/ofxControl/src,
					../../../addons/ofxOsc/libs,
					../../../addons/ofxOsc/libs/oscpack,
					../../../addons/ofxOsc/libs/oscpack/src,
					../../../addons/ofxOsc/libs/oscpack/src/ip,
					../../../addons/ofxOsc/libs/oscpack/src/ip/posix,
					../../../addons/ofxOsc/libs/oscpack/src/ip/win32,
					../../../addons/ofxOsc/libs/oscpack/src/osc,
					../../../addons/ofxOsc/src,
				);
				MACOSX_DEPLOYMENT_TARGET = 10.8;
				OTHER_CPLUSPLUSFLAGS = (
					"-D__MACOSX_CORE__",
					"-mtune=native",
				);
				SDKROOT = macosx;
			};
			name = Release;
		};
		E4B69B600A3A1757003C02F2 /* Debug */ = {
			isa = XCBuildConfiguration;
			baseConfigurationReference = E4EB6923138AFD0F00A09F29 /* Project.xcconfig */;
			buildSettings = {
				COMBINE_HIDPI_IMAGES = YES;
				COPY_PHASE_STRIP = NO;
				FRAMEWORK_SEARCH_PATHS = (
					"$(inherited)",
					"$(FRAMEWORK_SEARCH_PATHS_QUOTED_FOR_TARGET_1)",
					/System/Library/Frameworks,
					/System/Library/Frameworks,
					/System/Library/Frameworks,
				);
				FRAMEWORK_SEARCH_PATHS_QUOTED_FOR_TARGET_1 = "\"$(SRCROOT)/../../../libs/glut/lib/osx\"";
				GCC_DYNAMIC_NO_PIC = NO;
				GCC_GENERATE_DEBUGGING_SYMBOLS = YES;
				GCC_MODEL_TUNING = NONE;
				HEADER_SEARCH_PATHS = (
					"$(OF_CORE_HEADERS)",
					src,
					../../../addons/ofxAudioUnit/src,
					../../../addons/ofxAudioUnit/src/CAPublicUtility,
					../../../addons/ofxAudioUnit/src/TPCircularBuffer,
					../../../addons/ofxControl/src,
					../../../addons/ofxOsc/libs,
					../../../addons/ofxOsc/libs/oscpack,
					../../../addons/ofxOsc/libs/oscpack/src,
					../../../addons/ofxOsc/libs/oscpack/src/ip,
					../../../addons/ofxOsc/libs/oscpack/src/ip/posix,
					../../../addons/ofxOsc/libs/oscpack/src/ip/win32,
					../../../addons/ofxOsc/libs/oscpack/src/osc,
					../../../addons/ofxOsc/src,
				);
				ICON = "$(ICON_NAME_DEBUG)";
				ICON_FILE = "$(ICON_FILE_PATH)$(ICON)";
				INFOPLIST_FILE = "openFrameworks-Info.plist";
				INSTALL_PATH = /Applications;
				LIBRARY_SEARCH_PATHS = "$(inherited)";
				PRODUCT_NAME = "$(TARGET_NAME)Debug";
				WRAPPER_EXTENSION = app;
			};
			name = Debug;
		};
		E4B69B610A3A1757003C02F2 /* Release */ = {
			isa = XCBuildConfiguration;
			baseConfigurationReference = E4EB6923138AFD0F00A09F29 /* Project.xcconfig */;
			buildSettings = {
				COMBINE_HIDPI_IMAGES = YES;
				COPY_PHASE_STRIP = YES;
				FRAMEWORK_SEARCH_PATHS = (
					"$(inherited)",
					"$(FRAMEWORK_SEARCH_PATHS_QUOTED_FOR_TARGET_1)",
					/System/Library/Frameworks,
					/System/Library/Frameworks,
					/System/Library/Frameworks,
				);
				FRAMEWORK_SEARCH_PATHS_QUOTED_FOR_TARGET_1 = "\"$(SRCROOT)/../../../libs/glut/lib/osx\"";
				GCC_GENERATE_DEBUGGING_SYMBOLS = YES;
				GCC_MODEL_TUNING = NONE;
				HEADER_SEARCH_PATHS = (
					"$(OF_CORE_HEADERS)",
					src,
					../../../addons/ofxAudioUnit/src,
					../../../addons/ofxAudioUnit/src/CAPublicUtility,
					../../../addons/ofxAudioUnit/src/TPCircularBuffer,
					../../../addons/ofxControl/src,
					../../../addons/ofxOsc/libs,
					../../../addons/ofxOsc/libs/oscpack,
					../../../addons/ofxOsc/libs/oscpack/src,
					../../../addons/ofxOsc/libs/oscpack/src/ip,
					../../../addons/ofxOsc/libs/oscpack/src/ip/posix,
					../../../addons/ofxOsc/libs/oscpack/src/ip/win32,
					../../../addons/ofxOsc/libs/oscpack/src/osc,
					../../../addons/ofxOsc/src,
				);
				ICON = "$(ICON_NAME_RELEASE)";
				ICON_FILE = "$(ICON_FILE_PATH)$(ICON)";
				INFOPLIST_FILE = "openFrameworks-Info.plist";
				INSTALL_PATH = /Applications;
				LIBRARY_SEARCH_PATHS = "$(inherited)";
				PRODUCT_NAME = "$(TARGET_NAME)";
				WRAPPER_EXTENSION = app;
				baseConfigurationReference = E4EB6923138AFD0F00A09F29;
			};
			name = Release;
		};
/* End XCBuildConfiguration section */

/* Begin XCConfigurationList section */
		E4B69B4D0A3A1720003C02F2 /* Build configuration list for PBXProject "AudioUnitOsc" */ = {
			isa = XCConfigurationList;
			buildConfigurations = (
				E4B69B4E0A3A1720003C02F2 /* Debug */,
				E4B69B4F0A3A1720003C02F2 /* Release */,
			);
			defaultConfigurationIsVisible = 0;
			defaultConfigurationName = Release;
		};
		E4B69B5F0A3A1757003C02F2 /* Build configuration list for PBXNativeTarget "AudioUnitOsc" */ = {
			isa = XCConfigurationList;
			buildConfigurations = (
				E4B69B600A3A1757003C02F2 /* Debug */,
				E4B69B610A3A1757003C02F2 /* Release */,
			);
			defaultConfigurationIsVisible = 0;
			defaultConfigurationName = Release;
		};
/* End XCConfigurationList section */
	};
	rootObject = E4B69B4C0A3A1720003C02F2 /* Project object */;
}
